// !$*UTF8*$!
{
	archiveVersion = 1;
	classes = {
	};
	objectVersion = 77;
	objects = {

/* Begin PBXBuildFile section */
		0205948553E982AA02BBB64B /* SettingsViewModel.swift in Sources */ = {isa = PBXBuildFile; fileRef = 07ACDCA3F9E3BD49697A0B09 /* SettingsViewModel.swift */; };
		028AA4F0E9ED1C76676DE970 /* MachineGridView.swift in Sources */ = {isa = PBXBuildFile; fileRef = 422E452DEEB8CC28C6894BF7 /* MachineGridView.swift */; };
		032E04EBCABA54E8F2492F6A /* DesignTokens.swift in Sources */ = {isa = PBXBuildFile; fileRef = E62D8A7CF15C7C4938DDAB8E /* DesignTokens.swift */; };
		0699088EC18FF7305DDF16F8 /* PersistenceController.swift in Sources */ = {isa = PBXBuildFile; fileRef = E9AD43DD460EEBD4AB4C355A /* PersistenceController.swift */; };
		0A1FBC7CA854A7987E57CBFF /* GymViewModel.swift in Sources */ = {isa = PBXBuildFile; fileRef = 00A32DCDE85977633AEBDDAB /* GymViewModel.swift */; };
		0D46263D90FBF2C3DA01DD19 /* DesignTokens.swift in Sources */ = {isa = PBXBuildFile; fileRef = E62D8A7CF15C7C4938DDAB8E /* DesignTokens.swift */; };
		0DC9287CACCC21E0FCAEB213 /* ExerciseCatalog.swift in Sources */ = {isa = PBXBuildFile; fileRef = 251F23229591020A7428EA8A /* ExerciseCatalog.swift */; };
		0E59B9BF2272655FF5AC2E27 /* WorkoutServiceTests.swift in Sources */ = {isa = PBXBuildFile; fileRef = 9D67600880CCE9E738C19038 /* WorkoutServiceTests.swift */; };
		0EE846F7F618F4959309EF5E /* StorageService.swift in Sources */ = {isa = PBXBuildFile; fileRef = B33F027F660AA25AD7502004 /* StorageService.swift */; };
		101534D472BB815E94DF9ABD /* AdminPanelView.swift in Sources */ = {isa = PBXBuildFile; fileRef = F8062738D3A3DDEA3BCF33C6 /* AdminPanelView.swift */; };
		10D8FDF9FF4B66C5B35FF4A2 /* WorkoutMachinePicker.swift in Sources */ = {isa = PBXBuildFile; fileRef = D4FA723790B3DA0348467F1F /* WorkoutMachinePicker.swift */; };
		12383AE11B9ABD2E1816EA30 /* HealthKitService.swift in Sources */ = {isa = PBXBuildFile; fileRef = 58EC1CB29B83E73AAE906F44 /* HealthKitService.swift */; };
		12A6F121C813B542CE2BBF34 /* MachineRepositoryTests.swift in Sources */ = {isa = PBXBuildFile; fileRef = 0EB990CB89156DDF3F05527B /* MachineRepositoryTests.swift */; };
		12CB886DFA116E304E5BC299 /* MachineSetting.swift in Sources */ = {isa = PBXBuildFile; fileRef = 754E2B4CE919E8DD4EE943C5 /* MachineSetting.swift */; };
		143C8AED27D67F71A6F60B1D /* WatchConnectivityService.swift in Sources */ = {isa = PBXBuildFile; fileRef = DF862F5D409F330148EDB52D /* WatchConnectivityService.swift */; };
		1443BFFCD3889F36A1DBA810 /* WatchConnectivityService.swift in Sources */ = {isa = PBXBuildFile; fileRef = DF862F5D409F330148EDB52D /* WatchConnectivityService.swift */; };
		14833479851ABE5A2D32333A /* GymSelection.swift in Sources */ = {isa = PBXBuildFile; fileRef = 1CCD225C2765EF7C22FC3CD3 /* GymSelection.swift */; };
		14C450A5B07583143BE800D5 /* exercises.json in Resources */ = {isa = PBXBuildFile; fileRef = C950E5DF88961878B471C009 /* exercises.json */; };
		17D5664B6EE0790CCCDB3420 /* WorkoutControls.swift in Sources */ = {isa = PBXBuildFile; fileRef = 0DC23B17DBE4DE9EA6B89400 /* WorkoutControls.swift */; };
		1CB1AE97EB4C8F28C87507D8 /* WorkoutExercise.swift in Sources */ = {isa = PBXBuildFile; fileRef = 579EC8DEA52A12CCF082971A /* WorkoutExercise.swift */; };
		1F3F3A204503381092DF5E2C /* WorkoutViewModel.swift in Sources */ = {isa = PBXBuildFile; fileRef = 8013728F984F9DF598CDA995 /* WorkoutViewModel.swift */; };
		27EB053BDAFD903A2A69811B /* WorkoutLiveActivityController.swift in Sources */ = {isa = PBXBuildFile; fileRef = 99AE1D1C8C09B407F8E357C4 /* WorkoutLiveActivityController.swift */; };
		296C1592641A176D5C0F6DFB /* Gym.swift in Sources */ = {isa = PBXBuildFile; fileRef = 9B282E8C1FE7E4A0BDB11628 /* Gym.swift */; };
		29C30CA0213D31EEBDB17574 /* SessionSummaryView.swift in Sources */ = {isa = PBXBuildFile; fileRef = 523CE928FD5D9C2C6DE0ABD5 /* SessionSummaryView.swift */; };
		2A88E0EE3A981A0DFA1DD2A4 /* machines.json in Resources */ = {isa = PBXBuildFile; fileRef = 6AF7B2293A4257BBE8A9AC68 /* machines.json */; };
		2AB94B677344595F9DEF1996 /* WorkoutPlan.swift in Sources */ = {isa = PBXBuildFile; fileRef = 8FDB60E10B18BD727E22653D /* WorkoutPlan.swift */; };
		2C0449075535F9367B2117CD /* WorkoutExercise.swift in Sources */ = {isa = PBXBuildFile; fileRef = 579EC8DEA52A12CCF082971A /* WorkoutExercise.swift */; };
		2DB9A674038E66F5D5964118 /* WorkoutSet.swift in Sources */ = {isa = PBXBuildFile; fileRef = 2EEF30E1C9FDEF1F890BCEF8 /* WorkoutSet.swift */; };
		2EA28D43505C0BB88E3806F3 /* AppGroup.swift in Sources */ = {isa = PBXBuildFile; fileRef = 1EE01EB64E0F2426B8359C12 /* AppGroup.swift */; };
		32980114E7B457C4F437F582 /* Exercise.swift in Sources */ = {isa = PBXBuildFile; fileRef = 50CD4BD7EA0A23300390B367 /* Exercise.swift */; };
		3895B6C2FB801F89E91767A7 /* RootView.swift in Sources */ = {isa = PBXBuildFile; fileRef = 8C1CB0F9AFD1658E400FFF05 /* RootView.swift */; };
		38BE4337EB327B378D426B53 /* WorkoutFlowView.swift in Sources */ = {isa = PBXBuildFile; fileRef = 9D9CA2974623D22809507D09 /* WorkoutFlowView.swift */; };
		3BF0348427193881CF67200E /* MuscleRecoveryService.swift in Sources */ = {isa = PBXBuildFile; fileRef = A41047449F1937694A3C8F12 /* MuscleRecoveryService.swift */; };
		423CFAFA1F6469D06355B2CA /* AICoachTests.swift in Sources */ = {isa = PBXBuildFile; fileRef = 19847D1D5C1169B9805FB15C /* AICoachTests.swift */; };
		42E79E908614E8037D6F2710 /* GymTwinWidgets.appex in Embed Foundation Extensions */ = {isa = PBXBuildFile; fileRef = 02E5E061FDACCD3924B402A1 /* GymTwinWidgets.appex */; settings = {ATTRIBUTES = (RemoveHeadersOnCopy, ); }; };
		43E72288DE1B1007D8714A37 /* SettingsView.swift in Sources */ = {isa = PBXBuildFile; fileRef = 4C2FF3203ED2FFFA683B6C5C /* SettingsView.swift */; };
		4428AEE68F2796B08727B10E /* Machine.swift in Sources */ = {isa = PBXBuildFile; fileRef = 11433399223181D93E103050 /* Machine.swift */; };
		4651F28098686298955C70EA /* CoachNarrator.swift in Sources */ = {isa = PBXBuildFile; fileRef = 63A979475A9BFC7A09D3ECD8 /* CoachNarrator.swift */; };
		490FCD05775CB73F5E8CD18F /* WorkoutLiveActivityWidget.swift in Sources */ = {isa = PBXBuildFile; fileRef = 0A323C3454C4E58971F0D2CD /* WorkoutLiveActivityWidget.swift */; };
		49AC1A7FCE5FBACD2C9F76A6 /* SurfaceCard.swift in Sources */ = {isa = PBXBuildFile; fileRef = FD83F5A48A68609EDABE8536 /* SurfaceCard.swift */; };
		4C1507B0919C9D969BB2B568 /* CoachService.swift in Sources */ = {isa = PBXBuildFile; fileRef = E8FFEDD3EBB50AAA48F4B7B4 /* CoachService.swift */; };
		4DAE42AB39C1F9DFBA88AD38 /* ExerciseSeeder.swift in Sources */ = {isa = PBXBuildFile; fileRef = 43A48C331EFE7F732C307707 /* ExerciseSeeder.swift */; };
		4EB50ECB09BFD786F46C4860 /* AppGroup.swift in Sources */ = {isa = PBXBuildFile; fileRef = 1EE01EB64E0F2426B8359C12 /* AppGroup.swift */; };
		5204FBEBA598758D618F9CE5 /* AppGroup.swift in Sources */ = {isa = PBXBuildFile; fileRef = 1EE01EB64E0F2426B8359C12 /* AppGroup.swift */; };
		53C9E367C4678CE4FEEE8510 /* ProgressDashboardView.swift in Sources */ = {isa = PBXBuildFile; fileRef = A9F3D90439C2D9BEC47B84B0 /* ProgressDashboardView.swift */; };
		53EC7C2E2B8D6EF5B91407EF /* AppRouter.swift in Sources */ = {isa = PBXBuildFile; fileRef = 93E6D7405F6BF071FC576A95 /* AppRouter.swift */; };
		53FDE7FF358DF460D4FD52A2 /* WorkoutsHubView.swift in Sources */ = {isa = PBXBuildFile; fileRef = 07595F1B834138FFE8B03578 /* WorkoutsHubView.swift */; };
		5572210545F3EE75C049F4B3 /* ExerciseLibraryTests.swift in Sources */ = {isa = PBXBuildFile; fileRef = ABCB7725660ED1D8E71668E3 /* ExerciseLibraryTests.swift */; };
		5778F552EF0A9A82D80DFFDE /* TodayViewModel.swift in Sources */ = {isa = PBXBuildFile; fileRef = F5E78A78E758AD33861CE990 /* TodayViewModel.swift */; };
		5CCE9B9EEFF5101A2D90B87D /* GymArea.swift in Sources */ = {isa = PBXBuildFile; fileRef = ACE9133F1F3722E0411BAE8B /* GymArea.swift */; };
		5F010A0D93CC57B579C825DA /* RecognitionViewModel.swift in Sources */ = {isa = PBXBuildFile; fileRef = 9D827BC9D03C7BB806D20984 /* RecognitionViewModel.swift */; };
		60177AC652CFD4E6B3DA1FC4 /* MuscleRecoveryServiceTests.swift in Sources */ = {isa = PBXBuildFile; fileRef = 544D0DCAEFE51D69073943C0 /* MuscleRecoveryServiceTests.swift */; };
		60D7D3EED9DF32C989536863 /* WidgetSnapshot.swift in Sources */ = {isa = PBXBuildFile; fileRef = 6CE74C36EAE1CFBA37574621 /* WidgetSnapshot.swift */; };
		64A5E34D6B2684B6BA373B4D /* PlanGeneratorView.swift in Sources */ = {isa = PBXBuildFile; fileRef = BAD0AF58DEC8105E8519B0E8 /* PlanGeneratorView.swift */; };
		64BF2B99730140F3C2712C97 /* MachineRecognitionTests.swift in Sources */ = {isa = PBXBuildFile; fileRef = D9B85780B1AA074659869B5E /* MachineRecognitionTests.swift */; };
		6899D1DB948374A01FBD4341 /* WorkoutDetailView.swift in Sources */ = {isa = PBXBuildFile; fileRef = 5E93D7AD81A9D2DA35CF4285 /* WorkoutDetailView.swift */; };
		696C1D3658858460EF4F3D3E /* Exercise.swift in Sources */ = {isa = PBXBuildFile; fileRef = 50CD4BD7EA0A23300390B367 /* Exercise.swift */; };
		6AD2FBF9F36FDD0DFD948713 /* GymBackground.swift in Sources */ = {isa = PBXBuildFile; fileRef = 1F154E7DC4B5A0217DAA1E09 /* GymBackground.swift */; };
		6C5252AEB57D7C4C02E413E6 /* PremiumCards.swift in Sources */ = {isa = PBXBuildFile; fileRef = 75E0D95995AB719F8E2B8BEA /* PremiumCards.swift */; };
		716E3834B250418D6EF20E0F /* WatchPayloads.swift in Sources */ = {isa = PBXBuildFile; fileRef = 3E55C71A2E32601353ACB7F1 /* WatchPayloads.swift */; };
		719857F147DA67B6A60C241E /* ScreenshotTests.swift in Sources */ = {isa = PBXBuildFile; fileRef = 5CB43BE48C96E6C99DFDCD8E /* ScreenshotTests.swift */; };
		73658FE9623B826706479743 /* StartWorkoutIntent.swift in Sources */ = {isa = PBXBuildFile; fileRef = 5E9BBA095DDB5A3FB69780C3 /* StartWorkoutIntent.swift */; };
		797FC559E0919C2D97C57BAD /* WorkoutActivityAttributes.swift in Sources */ = {isa = PBXBuildFile; fileRef = 653E850B0D24E954D64E4A0D /* WorkoutActivityAttributes.swift */; };
		7A88F4EE1EBCCC45B00CC691 /* MachineDefinition.swift in Sources */ = {isa = PBXBuildFile; fileRef = 780117DEF662A76F53D13E95 /* MachineDefinition.swift */; };
		82126F3EDC52DCBF39637A05 /* PersistenceController.swift in Sources */ = {isa = PBXBuildFile; fileRef = E9AD43DD460EEBD4AB4C355A /* PersistenceController.swift */; };
		86AA9262DACA00CFE6376FB0 /* GymTwinWatch.app in Embed Watch Content */ = {isa = PBXBuildFile; fileRef = EB73740D6F93E7A77119C9C8 /* GymTwinWatch.app */; settings = {ATTRIBUTES = (RemoveHeadersOnCopy, ); }; };
		87132BF19C36C8CC3B5DBDA1 /* ExerciseDetailView.swift in Sources */ = {isa = PBXBuildFile; fileRef = 189D4CB001D48B87D48A8D29 /* ExerciseDetailView.swift */; };
		8AD48581FF99C64E9C4B02FB /* WidgetSnapshot.swift in Sources */ = {isa = PBXBuildFile; fileRef = 6CE74C36EAE1CFBA37574621 /* WidgetSnapshot.swift */; };
		8B5BB42E3AE3CC32E763F33F /* MachineDetailView.swift in Sources */ = {isa = PBXBuildFile; fileRef = FCB98CCA001DE8AE5EBC3C90 /* MachineDetailView.swift */; };
		8CD9B245143A93B297F1671A /* WatchMachineView.swift in Sources */ = {isa = PBXBuildFile; fileRef = 1960781B981D1236EC4244A9 /* WatchMachineView.swift */; };
		8D418A86635069A8E2E8F6EF /* ExerciseDefinition.swift in Sources */ = {isa = PBXBuildFile; fileRef = 0085A0EFA31E8268D9A02E77 /* ExerciseDefinition.swift */; };
		8E8F1666F53C393C30B97927 /* ExerciseLibraryView.swift in Sources */ = {isa = PBXBuildFile; fileRef = 77C62ABD563C6C06C1F44262 /* ExerciseLibraryView.swift */; };
		90D307CD2E2318EC02DB88D6 /* SyncCoordinator.swift in Sources */ = {isa = PBXBuildFile; fileRef = 94EB78C106E235FC66B97011 /* SyncCoordinator.swift */; };
		920E1606516DC8229B449A97 /* MachineDefinition.swift in Sources */ = {isa = PBXBuildFile; fileRef = 780117DEF662A76F53D13E95 /* MachineDefinition.swift */; };
		9325B7FD44594AEF8A19BEA0 /* GymArea.swift in Sources */ = {isa = PBXBuildFile; fileRef = ACE9133F1F3722E0411BAE8B /* GymArea.swift */; };
		938593C429F25FEE09A8676D /* ModelPersistenceTests.swift in Sources */ = {isa = PBXBuildFile; fileRef = 197E86A187C84330D6E23090 /* ModelPersistenceTests.swift */; };
		9439D3A5B570B32C301D577D /* MachineRepository.swift in Sources */ = {isa = PBXBuildFile; fileRef = 35F94D78025FE4A3F3D0BA48 /* MachineRepository.swift */; };
		960FDBDF61F67CF79F6584D4 /* AdminViewModel.swift in Sources */ = {isa = PBXBuildFile; fileRef = 07E295B352A8AC07335F1DD9 /* AdminViewModel.swift */; };
		98749BCF117931FD72E66363 /* GymView.swift in Sources */ = {isa = PBXBuildFile; fileRef = C131FA5E89D1EA44D61CEF96 /* GymView.swift */; };
		9AF31ACEF235800AD50A51AB /* WatchPayloadsTests.swift in Sources */ = {isa = PBXBuildFile; fileRef = 57D75799363D1A2160E35446 /* WatchPayloadsTests.swift */; };
		9BBEEF20AA9C7E6147E93420 /* Workout.swift in Sources */ = {isa = PBXBuildFile; fileRef = F6D624428370CEBD4D8F91AB /* Workout.swift */; };
		9CD40726A5721DF024D9AB35 /* DesignTokens.swift in Sources */ = {isa = PBXBuildFile; fileRef = E62D8A7CF15C7C4938DDAB8E /* DesignTokens.swift */; };
		9D2F1D1B29ACE8031E833166 /* ProfileView.swift in Sources */ = {isa = PBXBuildFile; fileRef = 867C5F5E345B046BE25B9D02 /* ProfileView.swift */; };
		9E5011DC763572986DD16DE9 /* WidgetSyncService.swift in Sources */ = {isa = PBXBuildFile; fileRef = CD5F25E2E5023FC30C7B990E /* WidgetSyncService.swift */; };
		9EFECAC72AF6BE3AFE4A6F32 /* MachineArt.swift in Sources */ = {isa = PBXBuildFile; fileRef = 47B04C3EBED56AC3CB065E58 /* MachineArt.swift */; };
		9F7A884BA616A228B2983DE2 /* WorkoutActivityAttributes.swift in Sources */ = {isa = PBXBuildFile; fileRef = 653E850B0D24E954D64E4A0D /* WorkoutActivityAttributes.swift */; };
		A04239B73FC837ACF7FF2308 /* MachineRecognitionService.swift in Sources */ = {isa = PBXBuildFile; fileRef = 15C12F13D8FA1C7F472AE2C2 /* MachineRecognitionService.swift */; };
		A3947EE989A0DE5FC99C92FB /* WorkoutSetEntryView.swift in Sources */ = {isa = PBXBuildFile; fileRef = 401636DF9EDFE35655F24DF2 /* WorkoutSetEntryView.swift */; };
		A89B0167B786BCBAD5C8DD8C /* MachineSetting.swift in Sources */ = {isa = PBXBuildFile; fileRef = 754E2B4CE919E8DD4EE943C5 /* MachineSetting.swift */; };
		A8F4B51CA577862E72E75FBA /* WatchWorkoutIntents.swift in Sources */ = {isa = PBXBuildFile; fileRef = 4ED85C2BB95831EFD138767A /* WatchWorkoutIntents.swift */; };
		AAD2E047A97A37AFA30F3E57 /* OnboardingView.swift in Sources */ = {isa = PBXBuildFile; fileRef = 95C8A7D4CD7B5675B4F41673 /* OnboardingView.swift */; };
		ABF3280FA5F91177B118B617 /* Assets.xcassets in Resources */ = {isa = PBXBuildFile; fileRef = F668FB2D0169E44A5ECA41E6 /* Assets.xcassets */; };
		AD327654DEFB7C8D9634A2F3 /* UIComponents.swift in Sources */ = {isa = PBXBuildFile; fileRef = DBA719115FC7E20B3FC25592 /* UIComponents.swift */; };
		ADAC33D56C691944D1147C74 /* WorkoutPlan.swift in Sources */ = {isa = PBXBuildFile; fileRef = 8FDB60E10B18BD727E22653D /* WorkoutPlan.swift */; };
		ADF278FE7459266EECA5927F /* WidgetSnapshot.swift in Sources */ = {isa = PBXBuildFile; fileRef = 6CE74C36EAE1CFBA37574621 /* WidgetSnapshot.swift */; };
		AF02323B80C81BAE70062CE6 /* OpenSearchMachineRepository.swift in Sources */ = {isa = PBXBuildFile; fileRef = 2C00EB0CC1CB963FAEEC1C3E /* OpenSearchMachineRepository.swift */; };
		B0E87457F95B3330518009A9 /* HealthAndCoachCards.swift in Sources */ = {isa = PBXBuildFile; fileRef = 5E465AABED3EF0A54E51999E /* HealthAndCoachCards.swift */; };
		B281ACD5518A716C6F19F2AC /* ScanFlowView.swift in Sources */ = {isa = PBXBuildFile; fileRef = 3045F4166FF5D49288A2CABA /* ScanFlowView.swift */; };
		B2C555012DCD64A916FF35F7 /* WorkoutSet.swift in Sources */ = {isa = PBXBuildFile; fileRef = 2EEF30E1C9FDEF1F890BCEF8 /* WorkoutSet.swift */; };
		B6E23F68C73AEBFEC6524C02 /* Assets.xcassets in Resources */ = {isa = PBXBuildFile; fileRef = 8EA13E7A746373BBF3D921CD /* Assets.xcassets */; };
		B78DAE6AFF093459E805C38D /* WatchDataStore.swift in Sources */ = {isa = PBXBuildFile; fileRef = 3402624AB04AAC2BFF23976B /* WatchDataStore.swift */; };
		BA5191C5581B16A87407AF30 /* MachineEditView.swift in Sources */ = {isa = PBXBuildFile; fileRef = 66D2414AFA8E80B50958B1B6 /* MachineEditView.swift */; };
		BF4C8B07786FAE652F37AE1C /* Gym.swift in Sources */ = {isa = PBXBuildFile; fileRef = 9B282E8C1FE7E4A0BDB11628 /* Gym.swift */; };
		C338FB5ED04B7EF3F57CF1B9 /* GymTwinWatchApp.swift in Sources */ = {isa = PBXBuildFile; fileRef = FC0ED5E529EF397BA8482673 /* GymTwinWatchApp.swift */; };
		C631251758096A62DE6DE357 /* Machine.swift in Sources */ = {isa = PBXBuildFile; fileRef = 11433399223181D93E103050 /* Machine.swift */; };
		C94DFFF3E187A7AE1A9435F4 /* ProgressViewModel.swift in Sources */ = {isa = PBXBuildFile; fileRef = 860331DE350DD663AC9DD7AC /* ProgressViewModel.swift */; };
		CA9E0281C98BDB032A4110EC /* RecoveryService.swift in Sources */ = {isa = PBXBuildFile; fileRef = 4082C539BBA6D5AB6DA610E7 /* RecoveryService.swift */; };
		CC59EB7A621C11C745879E72 /* ReadinessWidget.swift in Sources */ = {isa = PBXBuildFile; fileRef = 0011BC2C0EA5CEF96A58EB4F /* ReadinessWidget.swift */; };
		CCD9E2DAEA6C2304B908A2CD /* WorkoutActivityAttributes.swift in Sources */ = {isa = PBXBuildFile; fileRef = 653E850B0D24E954D64E4A0D /* WorkoutActivityAttributes.swift */; };
		CD4CB715E12AC78E00537849 /* StorageService.swift in Sources */ = {isa = PBXBuildFile; fileRef = B33F027F660AA25AD7502004 /* StorageService.swift */; };
		CEAFA42929EC5C71A1259085 /* WorkoutExerciseCard.swift in Sources */ = {isa = PBXBuildFile; fileRef = 6066CCE60AADAD9A0D806BB9 /* WorkoutExerciseCard.swift */; };
		D248EA6DBF5776AF140CD565 /* TodayView.swift in Sources */ = {isa = PBXBuildFile; fileRef = 5181065F36E7213EB0105438 /* TodayView.swift */; };
		D2B9F94032B05D715BAB4917 /* WorkoutService.swift in Sources */ = {isa = PBXBuildFile; fileRef = 41EA5556007309652695D0A6 /* WorkoutService.swift */; };
		D6F9EA93FF97CD4FA3D0BE75 /* WatchSetLoggingView.swift in Sources */ = {isa = PBXBuildFile; fileRef = AA44D04A6FF83883BB0447F3 /* WatchSetLoggingView.swift */; };
		D79AC81C1DC9B45DCE1BCCA7 /* SampleData.swift in Sources */ = {isa = PBXBuildFile; fileRef = E448EB969D4CC6AC95501E7A /* SampleData.swift */; };
		D7E5F7873BF9DB03FD00A3C0 /* FoundationModelsCoachNarrator.swift in Sources */ = {isa = PBXBuildFile; fileRef = 577ED5EFD296FFAC7C53469C /* FoundationModelsCoachNarrator.swift */; };
		DC4C5613A2DB510571DE6537 /* GymTwinApp.swift in Sources */ = {isa = PBXBuildFile; fileRef = 66CA8721207345A69224DA52 /* GymTwinApp.swift */; };
		DD44E520F8BBEA0FF66F65A1 /* PlansView.swift in Sources */ = {isa = PBXBuildFile; fileRef = DCF6A3CDEB93F5B02DE55484 /* PlansView.swift */; };
		E3BA898C7364B2258BDB2750 /* SampleDataTests.swift in Sources */ = {isa = PBXBuildFile; fileRef = 22ACC5B15992547FF8880D49 /* SampleDataTests.swift */; };
		E3D734C0E5F8690A95D6A79E /* GymTwinWidgetBundle.swift in Sources */ = {isa = PBXBuildFile; fileRef = 36CEC9A0479EE4CE28BF2833 /* GymTwinWidgetBundle.swift */; };
		E8371E015813A87358832A05 /* WatchRootView.swift in Sources */ = {isa = PBXBuildFile; fileRef = 880D87BE9B1394F5AA2F38CF /* WatchRootView.swift */; };
		E880F20ADB056FDB47562C04 /* Workout.swift in Sources */ = {isa = PBXBuildFile; fileRef = F6D624428370CEBD4D8F91AB /* Workout.swift */; };
		EE47AD8E8DA8B1CEAB09EED5 /* WatchPayloads.swift in Sources */ = {isa = PBXBuildFile; fileRef = 3E55C71A2E32601353ACB7F1 /* WatchPayloads.swift */; };
		EEED2BEE221A341E6B518B78 /* AIWorkoutCoach.swift in Sources */ = {isa = PBXBuildFile; fileRef = 6582B642A3D291FB0EDFB90A /* AIWorkoutCoach.swift */; };
		EF10DDA24704610859A1ABAC /* ExerciseDefinition.swift in Sources */ = {isa = PBXBuildFile; fileRef = 0085A0EFA31E8268D9A02E77 /* ExerciseDefinition.swift */; };
		F17CF5A434FD302A18E9B830 /* WatchWorkoutSession.swift in Sources */ = {isa = PBXBuildFile; fileRef = 279C19CB61CA2C80F6240238 /* WatchWorkoutSession.swift */; };
		F4C8CD79FAFB5B2B937410EF /* NFCService.swift in Sources */ = {isa = PBXBuildFile; fileRef = 7698C4C0B7281FFA2719F2B2 /* NFCService.swift */; };
		F572D8CEABEC1A007E347788 /* MachineViewModel.swift in Sources */ = {isa = PBXBuildFile; fileRef = 8D694F0412FD54736F8C541A /* MachineViewModel.swift */; };
		FABF4A9C262B4A81C1C82548 /* DeterministicWorkoutCoach.swift in Sources */ = {isa = PBXBuildFile; fileRef = B3F1EFEE08BCB05CB935C6B1 /* DeterministicWorkoutCoach.swift */; };
		FC44318D22B09B3E52D11B12 /* CoachNarratorTests.swift in Sources */ = {isa = PBXBuildFile; fileRef = 40C70CFFE5BBDD8AEE7C5AEC /* CoachNarratorTests.swift */; };
		FCF6DB0E42006500E00F4C8E /* PlanViewModel.swift in Sources */ = {isa = PBXBuildFile; fileRef = A4162DB525C5FFD7E7751565 /* PlanViewModel.swift */; };
		FE70D175AC133AA6ACAA602A /* WatchTodayView.swift in Sources */ = {isa = PBXBuildFile; fileRef = B1C549774BBA25C1665DE909 /* WatchTodayView.swift */; };
/* End PBXBuildFile section */

/* Begin PBXContainerItemProxy section */
		3F1210BFEA848BA71EAE02B7 /* PBXContainerItemProxy */ = {
			isa = PBXContainerItemProxy;
			containerPortal = 02CD01D7C46A0B9F06CCE28A /* Project object */;
			proxyType = 1;
			remoteGlobalIDString = 5F5AEC833522A4954197D998;
			remoteInfo = GymTwinWidgets;
		};
		5297DE44E11366A256FB5CB8 /* PBXContainerItemProxy */ = {
			isa = PBXContainerItemProxy;
			containerPortal = 02CD01D7C46A0B9F06CCE28A /* Project object */;
			proxyType = 1;
			remoteGlobalIDString = FF37C53F4509A3CADAB0972D;
			remoteInfo = GymTwinWatch;
		};
		AD7BCE422DDA0D19EF3342D9 /* PBXContainerItemProxy */ = {
			isa = PBXContainerItemProxy;
			containerPortal = 02CD01D7C46A0B9F06CCE28A /* Project object */;
			proxyType = 1;
			remoteGlobalIDString = C6726322E7593F979BFED491;
			remoteInfo = GymTwin;
		};
		E50EA5319A8507D4F6322291 /* PBXContainerItemProxy */ = {
			isa = PBXContainerItemProxy;
			containerPortal = 02CD01D7C46A0B9F06CCE28A /* Project object */;
			proxyType = 1;
			remoteGlobalIDString = C6726322E7593F979BFED491;
			remoteInfo = GymTwin;
		};
/* End PBXContainerItemProxy section */

/* Begin PBXCopyFilesBuildPhase section */
		333DE2F0AE253A9A3A68C8FD /* Embed Foundation Extensions */ = {
			isa = PBXCopyFilesBuildPhase;
			buildActionMask = 2147483647;
			dstPath = "";
			dstSubfolderSpec = 13;
			files = (
				42E79E908614E8037D6F2710 /* GymTwinWidgets.appex in Embed Foundation Extensions */,
			);
			name = "Embed Foundation Extensions";
			runOnlyForDeploymentPostprocessing = 0;
		};
		C4A0955C28D77C8323ADBFDC /* Embed Watch Content */ = {
			isa = PBXCopyFilesBuildPhase;
			buildActionMask = 2147483647;
			dstPath = "$(CONTENTS_FOLDER_PATH)/Watch";
			dstSubfolderSpec = 16;
			files = (
				86AA9262DACA00CFE6376FB0 /* GymTwinWatch.app in Embed Watch Content */,
			);
			name = "Embed Watch Content";
			runOnlyForDeploymentPostprocessing = 0;
		};
/* End PBXCopyFilesBuildPhase section */

/* Begin PBXFileReference section */
		0011BC2C0EA5CEF96A58EB4F /* ReadinessWidget.swift */ = {isa = PBXFileReference; lastKnownFileType = sourcecode.swift; path = ReadinessWidget.swift; sourceTree = "<group>"; };
		0085A0EFA31E8268D9A02E77 /* ExerciseDefinition.swift */ = {isa = PBXFileReference; lastKnownFileType = sourcecode.swift; path = ExerciseDefinition.swift; sourceTree = "<group>"; };
		00A32DCDE85977633AEBDDAB /* GymViewModel.swift */ = {isa = PBXFileReference; lastKnownFileType = sourcecode.swift; path = GymViewModel.swift; sourceTree = "<group>"; };
		02E5E061FDACCD3924B402A1 /* GymTwinWidgets.appex */ = {isa = PBXFileReference; includeInIndex = 0; lastKnownFileType = "wrapper.app-extension"; path = GymTwinWidgets.appex; sourceTree = BUILT_PRODUCTS_DIR; };
		036FA5B1FDED246119218EB8 /* GymTwinWatch.entitlements */ = {isa = PBXFileReference; lastKnownFileType = text.plist.entitlements; path = GymTwinWatch.entitlements; sourceTree = "<group>"; };
		07595F1B834138FFE8B03578 /* WorkoutsHubView.swift */ = {isa = PBXFileReference; lastKnownFileType = sourcecode.swift; path = WorkoutsHubView.swift; sourceTree = "<group>"; };
		07ACDCA3F9E3BD49697A0B09 /* SettingsViewModel.swift */ = {isa = PBXFileReference; lastKnownFileType = sourcecode.swift; path = SettingsViewModel.swift; sourceTree = "<group>"; };
		07E295B352A8AC07335F1DD9 /* AdminViewModel.swift */ = {isa = PBXFileReference; lastKnownFileType = sourcecode.swift; path = AdminViewModel.swift; sourceTree = "<group>"; };
		0A323C3454C4E58971F0D2CD /* WorkoutLiveActivityWidget.swift */ = {isa = PBXFileReference; lastKnownFileType = sourcecode.swift; path = WorkoutLiveActivityWidget.swift; sourceTree = "<group>"; };
		0DC23B17DBE4DE9EA6B89400 /* WorkoutControls.swift */ = {isa = PBXFileReference; lastKnownFileType = sourcecode.swift; path = WorkoutControls.swift; sourceTree = "<group>"; };
		0EB990CB89156DDF3F05527B /* MachineRepositoryTests.swift */ = {isa = PBXFileReference; lastKnownFileType = sourcecode.swift; path = MachineRepositoryTests.swift; sourceTree = "<group>"; };
		11433399223181D93E103050 /* Machine.swift */ = {isa = PBXFileReference; lastKnownFileType = sourcecode.swift; path = Machine.swift; sourceTree = "<group>"; };
		15C12F13D8FA1C7F472AE2C2 /* MachineRecognitionService.swift */ = {isa = PBXFileReference; lastKnownFileType = sourcecode.swift; path = MachineRecognitionService.swift; sourceTree = "<group>"; };
		189D4CB001D48B87D48A8D29 /* ExerciseDetailView.swift */ = {isa = PBXFileReference; lastKnownFileType = sourcecode.swift; path = ExerciseDetailView.swift; sourceTree = "<group>"; };
		1960781B981D1236EC4244A9 /* WatchMachineView.swift */ = {isa = PBXFileReference; lastKnownFileType = sourcecode.swift; path = WatchMachineView.swift; sourceTree = "<group>"; };
		197E86A187C84330D6E23090 /* ModelPersistenceTests.swift */ = {isa = PBXFileReference; lastKnownFileType = sourcecode.swift; path = ModelPersistenceTests.swift; sourceTree = "<group>"; };
		19847D1D5C1169B9805FB15C /* AICoachTests.swift */ = {isa = PBXFileReference; lastKnownFileType = sourcecode.swift; path = AICoachTests.swift; sourceTree = "<group>"; };
		1CCD225C2765EF7C22FC3CD3 /* GymSelection.swift */ = {isa = PBXFileReference; lastKnownFileType = sourcecode.swift; path = GymSelection.swift; sourceTree = "<group>"; };
		1EE01EB64E0F2426B8359C12 /* AppGroup.swift */ = {isa = PBXFileReference; lastKnownFileType = sourcecode.swift; path = AppGroup.swift; sourceTree = "<group>"; };
		1F154E7DC4B5A0217DAA1E09 /* GymBackground.swift */ = {isa = PBXFileReference; lastKnownFileType = sourcecode.swift; path = GymBackground.swift; sourceTree = "<group>"; };
		22ACC5B15992547FF8880D49 /* SampleDataTests.swift */ = {isa = PBXFileReference; lastKnownFileType = sourcecode.swift; path = SampleDataTests.swift; sourceTree = "<group>"; };
		2344A69A32325F5849914270 /* Info.plist */ = {isa = PBXFileReference; lastKnownFileType = text.plist; path = Info.plist; sourceTree = "<group>"; };
		23F716753280D1A6E54214CB /* GymTwin.app */ = {isa = PBXFileReference; includeInIndex = 0; lastKnownFileType = wrapper.application; path = GymTwin.app; sourceTree = BUILT_PRODUCTS_DIR; };
		251F23229591020A7428EA8A /* ExerciseCatalog.swift */ = {isa = PBXFileReference; lastKnownFileType = sourcecode.swift; path = ExerciseCatalog.swift; sourceTree = "<group>"; };
		279C19CB61CA2C80F6240238 /* WatchWorkoutSession.swift */ = {isa = PBXFileReference; lastKnownFileType = sourcecode.swift; path = WatchWorkoutSession.swift; sourceTree = "<group>"; };
		2C00EB0CC1CB963FAEEC1C3E /* OpenSearchMachineRepository.swift */ = {isa = PBXFileReference; lastKnownFileType = sourcecode.swift; path = OpenSearchMachineRepository.swift; sourceTree = "<group>"; };
		2EEF30E1C9FDEF1F890BCEF8 /* WorkoutSet.swift */ = {isa = PBXFileReference; lastKnownFileType = sourcecode.swift; path = WorkoutSet.swift; sourceTree = "<group>"; };
		3045F4166FF5D49288A2CABA /* ScanFlowView.swift */ = {isa = PBXFileReference; lastKnownFileType = sourcecode.swift; path = ScanFlowView.swift; sourceTree = "<group>"; };
		3402624AB04AAC2BFF23976B /* WatchDataStore.swift */ = {isa = PBXFileReference; lastKnownFileType = sourcecode.swift; path = WatchDataStore.swift; sourceTree = "<group>"; };
		35F94D78025FE4A3F3D0BA48 /* MachineRepository.swift */ = {isa = PBXFileReference; lastKnownFileType = sourcecode.swift; path = MachineRepository.swift; sourceTree = "<group>"; };
		36CEC9A0479EE4CE28BF2833 /* GymTwinWidgetBundle.swift */ = {isa = PBXFileReference; lastKnownFileType = sourcecode.swift; path = GymTwinWidgetBundle.swift; sourceTree = "<group>"; };
		3E55C71A2E32601353ACB7F1 /* WatchPayloads.swift */ = {isa = PBXFileReference; lastKnownFileType = sourcecode.swift; path = WatchPayloads.swift; sourceTree = "<group>"; };
		401636DF9EDFE35655F24DF2 /* WorkoutSetEntryView.swift */ = {isa = PBXFileReference; lastKnownFileType = sourcecode.swift; path = WorkoutSetEntryView.swift; sourceTree = "<group>"; };
		4082C539BBA6D5AB6DA610E7 /* RecoveryService.swift */ = {isa = PBXFileReference; lastKnownFileType = sourcecode.swift; path = RecoveryService.swift; sourceTree = "<group>"; };
		40C70CFFE5BBDD8AEE7C5AEC /* CoachNarratorTests.swift */ = {isa = PBXFileReference; lastKnownFileType = sourcecode.swift; path = CoachNarratorTests.swift; sourceTree = "<group>"; };
		41EA5556007309652695D0A6 /* WorkoutService.swift */ = {isa = PBXFileReference; lastKnownFileType = sourcecode.swift; path = WorkoutService.swift; sourceTree = "<group>"; };
		422E452DEEB8CC28C6894BF7 /* MachineGridView.swift */ = {isa = PBXFileReference; lastKnownFileType = sourcecode.swift; path = MachineGridView.swift; sourceTree = "<group>"; };
		43A48C331EFE7F732C307707 /* ExerciseSeeder.swift */ = {isa = PBXFileReference; lastKnownFileType = sourcecode.swift; path = ExerciseSeeder.swift; sourceTree = "<group>"; };
		47B04C3EBED56AC3CB065E58 /* MachineArt.swift */ = {isa = PBXFileReference; lastKnownFileType = sourcecode.swift; path = MachineArt.swift; sourceTree = "<group>"; };
		4C2FF3203ED2FFFA683B6C5C /* SettingsView.swift */ = {isa = PBXFileReference; lastKnownFileType = sourcecode.swift; path = SettingsView.swift; sourceTree = "<group>"; };
		4C6495BDF9877F15F7D27E0E /* Info.plist */ = {isa = PBXFileReference; lastKnownFileType = text.plist; path = Info.plist; sourceTree = "<group>"; };
		4ED85C2BB95831EFD138767A /* WatchWorkoutIntents.swift */ = {isa = PBXFileReference; lastKnownFileType = sourcecode.swift; path = WatchWorkoutIntents.swift; sourceTree = "<group>"; };
		50CD4BD7EA0A23300390B367 /* Exercise.swift */ = {isa = PBXFileReference; lastKnownFileType = sourcecode.swift; path = Exercise.swift; sourceTree = "<group>"; };
		5181065F36E7213EB0105438 /* TodayView.swift */ = {isa = PBXFileReference; lastKnownFileType = sourcecode.swift; path = TodayView.swift; sourceTree = "<group>"; };
		523CE928FD5D9C2C6DE0ABD5 /* SessionSummaryView.swift */ = {isa = PBXFileReference; lastKnownFileType = sourcecode.swift; path = SessionSummaryView.swift; sourceTree = "<group>"; };
		544D0DCAEFE51D69073943C0 /* MuscleRecoveryServiceTests.swift */ = {isa = PBXFileReference; lastKnownFileType = sourcecode.swift; path = MuscleRecoveryServiceTests.swift; sourceTree = "<group>"; };
		577ED5EFD296FFAC7C53469C /* FoundationModelsCoachNarrator.swift */ = {isa = PBXFileReference; lastKnownFileType = sourcecode.swift; path = FoundationModelsCoachNarrator.swift; sourceTree = "<group>"; };
		579EC8DEA52A12CCF082971A /* WorkoutExercise.swift */ = {isa = PBXFileReference; lastKnownFileType = sourcecode.swift; path = WorkoutExercise.swift; sourceTree = "<group>"; };
		57D75799363D1A2160E35446 /* WatchPayloadsTests.swift */ = {isa = PBXFileReference; lastKnownFileType = sourcecode.swift; path = WatchPayloadsTests.swift; sourceTree = "<group>"; };
		58EC1CB29B83E73AAE906F44 /* HealthKitService.swift */ = {isa = PBXFileReference; lastKnownFileType = sourcecode.swift; path = HealthKitService.swift; sourceTree = "<group>"; };
		5CB43BE48C96E6C99DFDCD8E /* ScreenshotTests.swift */ = {isa = PBXFileReference; lastKnownFileType = sourcecode.swift; path = ScreenshotTests.swift; sourceTree = "<group>"; };
		5E465AABED3EF0A54E51999E /* HealthAndCoachCards.swift */ = {isa = PBXFileReference; lastKnownFileType = sourcecode.swift; path = HealthAndCoachCards.swift; sourceTree = "<group>"; };
		5E93D7AD81A9D2DA35CF4285 /* WorkoutDetailView.swift */ = {isa = PBXFileReference; lastKnownFileType = sourcecode.swift; path = WorkoutDetailView.swift; sourceTree = "<group>"; };
		5E9BBA095DDB5A3FB69780C3 /* StartWorkoutIntent.swift */ = {isa = PBXFileReference; lastKnownFileType = sourcecode.swift; path = StartWorkoutIntent.swift; sourceTree = "<group>"; };
		6066CCE60AADAD9A0D806BB9 /* WorkoutExerciseCard.swift */ = {isa = PBXFileReference; lastKnownFileType = sourcecode.swift; path = WorkoutExerciseCard.swift; sourceTree = "<group>"; };
		63A979475A9BFC7A09D3ECD8 /* CoachNarrator.swift */ = {isa = PBXFileReference; lastKnownFileType = sourcecode.swift; path = CoachNarrator.swift; sourceTree = "<group>"; };
		653E850B0D24E954D64E4A0D /* WorkoutActivityAttributes.swift */ = {isa = PBXFileReference; lastKnownFileType = sourcecode.swift; path = WorkoutActivityAttributes.swift; sourceTree = "<group>"; };
		6582B642A3D291FB0EDFB90A /* AIWorkoutCoach.swift */ = {isa = PBXFileReference; lastKnownFileType = sourcecode.swift; path = AIWorkoutCoach.swift; sourceTree = "<group>"; };
		66CA8721207345A69224DA52 /* GymTwinApp.swift */ = {isa = PBXFileReference; lastKnownFileType = sourcecode.swift; path = GymTwinApp.swift; sourceTree = "<group>"; };
		66D2414AFA8E80B50958B1B6 /* MachineEditView.swift */ = {isa = PBXFileReference; lastKnownFileType = sourcecode.swift; path = MachineEditView.swift; sourceTree = "<group>"; };
		6AF7B2293A4257BBE8A9AC68 /* machines.json */ = {isa = PBXFileReference; lastKnownFileType = text.json; path = machines.json; sourceTree = "<group>"; };
		6C0EBF69873B9AD527A5C373 /* GymTwinUITests.xctest */ = {isa = PBXFileReference; includeInIndex = 0; lastKnownFileType = wrapper.cfbundle; path = GymTwinUITests.xctest; sourceTree = BUILT_PRODUCTS_DIR; };
		6CE74C36EAE1CFBA37574621 /* WidgetSnapshot.swift */ = {isa = PBXFileReference; lastKnownFileType = sourcecode.swift; path = WidgetSnapshot.swift; sourceTree = "<group>"; };
		754E2B4CE919E8DD4EE943C5 /* MachineSetting.swift */ = {isa = PBXFileReference; lastKnownFileType = sourcecode.swift; path = MachineSetting.swift; sourceTree = "<group>"; };
		75E0D95995AB719F8E2B8BEA /* PremiumCards.swift */ = {isa = PBXFileReference; lastKnownFileType = sourcecode.swift; path = PremiumCards.swift; sourceTree = "<group>"; };
		7698C4C0B7281FFA2719F2B2 /* NFCService.swift */ = {isa = PBXFileReference; lastKnownFileType = sourcecode.swift; path = NFCService.swift; sourceTree = "<group>"; };
		77C62ABD563C6C06C1F44262 /* ExerciseLibraryView.swift */ = {isa = PBXFileReference; lastKnownFileType = sourcecode.swift; path = ExerciseLibraryView.swift; sourceTree = "<group>"; };
		780117DEF662A76F53D13E95 /* MachineDefinition.swift */ = {isa = PBXFileReference; lastKnownFileType = sourcecode.swift; path = MachineDefinition.swift; sourceTree = "<group>"; };
		7E46890885D467BE82B6B4F2 /* GymTwinWidgets.entitlements */ = {isa = PBXFileReference; lastKnownFileType = text.plist.entitlements; path = GymTwinWidgets.entitlements; sourceTree = "<group>"; };
		8013728F984F9DF598CDA995 /* WorkoutViewModel.swift */ = {isa = PBXFileReference; lastKnownFileType = sourcecode.swift; path = WorkoutViewModel.swift; sourceTree = "<group>"; };
		82BF84F8AA8346A6B41F986A /* GymTwinTests.xctest */ = {isa = PBXFileReference; includeInIndex = 0; lastKnownFileType = wrapper.cfbundle; path = GymTwinTests.xctest; sourceTree = BUILT_PRODUCTS_DIR; };
		860331DE350DD663AC9DD7AC /* ProgressViewModel.swift */ = {isa = PBXFileReference; lastKnownFileType = sourcecode.swift; path = ProgressViewModel.swift; sourceTree = "<group>"; };
		867C5F5E345B046BE25B9D02 /* ProfileView.swift */ = {isa = PBXFileReference; lastKnownFileType = sourcecode.swift; path = ProfileView.swift; sourceTree = "<group>"; };
		880D87BE9B1394F5AA2F38CF /* WatchRootView.swift */ = {isa = PBXFileReference; lastKnownFileType = sourcecode.swift; path = WatchRootView.swift; sourceTree = "<group>"; };
		8C1CB0F9AFD1658E400FFF05 /* RootView.swift */ = {isa = PBXFileReference; lastKnownFileType = sourcecode.swift; path = RootView.swift; sourceTree = "<group>"; };
		8D694F0412FD54736F8C541A /* MachineViewModel.swift */ = {isa = PBXFileReference; lastKnownFileType = sourcecode.swift; path = MachineViewModel.swift; sourceTree = "<group>"; };
		8EA13E7A746373BBF3D921CD /* Assets.xcassets */ = {isa = PBXFileReference; lastKnownFileType = folder.assetcatalog; path = Assets.xcassets; sourceTree = "<group>"; };
		8FDB60E10B18BD727E22653D /* WorkoutPlan.swift */ = {isa = PBXFileReference; lastKnownFileType = sourcecode.swift; path = WorkoutPlan.swift; sourceTree = "<group>"; };
		93E6D7405F6BF071FC576A95 /* AppRouter.swift */ = {isa = PBXFileReference; lastKnownFileType = sourcecode.swift; path = AppRouter.swift; sourceTree = "<group>"; };
		94EB78C106E235FC66B97011 /* SyncCoordinator.swift */ = {isa = PBXFileReference; lastKnownFileType = sourcecode.swift; path = SyncCoordinator.swift; sourceTree = "<group>"; };
		95C8A7D4CD7B5675B4F41673 /* OnboardingView.swift */ = {isa = PBXFileReference; lastKnownFileType = sourcecode.swift; path = OnboardingView.swift; sourceTree = "<group>"; };
		99AE1D1C8C09B407F8E357C4 /* WorkoutLiveActivityController.swift */ = {isa = PBXFileReference; lastKnownFileType = sourcecode.swift; path = WorkoutLiveActivityController.swift; sourceTree = "<group>"; };
		9B282E8C1FE7E4A0BDB11628 /* Gym.swift */ = {isa = PBXFileReference; lastKnownFileType = sourcecode.swift; path = Gym.swift; sourceTree = "<group>"; };
		9D67600880CCE9E738C19038 /* WorkoutServiceTests.swift */ = {isa = PBXFileReference; lastKnownFileType = sourcecode.swift; path = WorkoutServiceTests.swift; sourceTree = "<group>"; };
		9D827BC9D03C7BB806D20984 /* RecognitionViewModel.swift */ = {isa = PBXFileReference; lastKnownFileType = sourcecode.swift; path = RecognitionViewModel.swift; sourceTree = "<group>"; };
		9D9CA2974623D22809507D09 /* WorkoutFlowView.swift */ = {isa = PBXFileReference; lastKnownFileType = sourcecode.swift; path = WorkoutFlowView.swift; sourceTree = "<group>"; };
		A41047449F1937694A3C8F12 /* MuscleRecoveryService.swift */ = {isa = PBXFileReference; lastKnownFileType = sourcecode.swift; path = MuscleRecoveryService.swift; sourceTree = "<group>"; };
		A4162DB525C5FFD7E7751565 /* PlanViewModel.swift */ = {isa = PBXFileReference; lastKnownFileType = sourcecode.swift; path = PlanViewModel.swift; sourceTree = "<group>"; };
		A9F3D90439C2D9BEC47B84B0 /* ProgressDashboardView.swift */ = {isa = PBXFileReference; lastKnownFileType = sourcecode.swift; path = ProgressDashboardView.swift; sourceTree = "<group>"; };
		AA44D04A6FF83883BB0447F3 /* WatchSetLoggingView.swift */ = {isa = PBXFileReference; lastKnownFileType = sourcecode.swift; path = WatchSetLoggingView.swift; sourceTree = "<group>"; };
		ABCB7725660ED1D8E71668E3 /* ExerciseLibraryTests.swift */ = {isa = PBXFileReference; lastKnownFileType = sourcecode.swift; path = ExerciseLibraryTests.swift; sourceTree = "<group>"; };
		ACE9133F1F3722E0411BAE8B /* GymArea.swift */ = {isa = PBXFileReference; lastKnownFileType = sourcecode.swift; path = GymArea.swift; sourceTree = "<group>"; };
		B1C549774BBA25C1665DE909 /* WatchTodayView.swift */ = {isa = PBXFileReference; lastKnownFileType = sourcecode.swift; path = WatchTodayView.swift; sourceTree = "<group>"; };
		B33F027F660AA25AD7502004 /* StorageService.swift */ = {isa = PBXFileReference; lastKnownFileType = sourcecode.swift; path = StorageService.swift; sourceTree = "<group>"; };
		B3F1EFEE08BCB05CB935C6B1 /* DeterministicWorkoutCoach.swift */ = {isa = PBXFileReference; lastKnownFileType = sourcecode.swift; path = DeterministicWorkoutCoach.swift; sourceTree = "<group>"; };
		BAD0AF58DEC8105E8519B0E8 /* PlanGeneratorView.swift */ = {isa = PBXFileReference; lastKnownFileType = sourcecode.swift; path = PlanGeneratorView.swift; sourceTree = "<group>"; };
		C131FA5E89D1EA44D61CEF96 /* GymView.swift */ = {isa = PBXFileReference; lastKnownFileType = sourcecode.swift; path = GymView.swift; sourceTree = "<group>"; };
		C950E5DF88961878B471C009 /* exercises.json */ = {isa = PBXFileReference; lastKnownFileType = text.json; path = exercises.json; sourceTree = "<group>"; };
		CD5F25E2E5023FC30C7B990E /* WidgetSyncService.swift */ = {isa = PBXFileReference; lastKnownFileType = sourcecode.swift; path = WidgetSyncService.swift; sourceTree = "<group>"; };
		D4FA723790B3DA0348467F1F /* WorkoutMachinePicker.swift */ = {isa = PBXFileReference; lastKnownFileType = sourcecode.swift; path = WorkoutMachinePicker.swift; sourceTree = "<group>"; };
		D9B85780B1AA074659869B5E /* MachineRecognitionTests.swift */ = {isa = PBXFileReference; lastKnownFileType = sourcecode.swift; path = MachineRecognitionTests.swift; sourceTree = "<group>"; };
		DAE621F677E979A724BC443C /* Info.plist */ = {isa = PBXFileReference; lastKnownFileType = text.plist; path = Info.plist; sourceTree = "<group>"; };
		DBA719115FC7E20B3FC25592 /* UIComponents.swift */ = {isa = PBXFileReference; lastKnownFileType = sourcecode.swift; path = UIComponents.swift; sourceTree = "<group>"; };
		DCF6A3CDEB93F5B02DE55484 /* PlansView.swift */ = {isa = PBXFileReference; lastKnownFileType = sourcecode.swift; path = PlansView.swift; sourceTree = "<group>"; };
		DF862F5D409F330148EDB52D /* WatchConnectivityService.swift */ = {isa = PBXFileReference; lastKnownFileType = sourcecode.swift; path = WatchConnectivityService.swift; sourceTree = "<group>"; };
		E448EB969D4CC6AC95501E7A /* SampleData.swift */ = {isa = PBXFileReference; lastKnownFileType = sourcecode.swift; path = SampleData.swift; sourceTree = "<group>"; };
		E62D8A7CF15C7C4938DDAB8E /* DesignTokens.swift */ = {isa = PBXFileReference; lastKnownFileType = sourcecode.swift; path = DesignTokens.swift; sourceTree = "<group>"; };
		E8FFEDD3EBB50AAA48F4B7B4 /* CoachService.swift */ = {isa = PBXFileReference; lastKnownFileType = sourcecode.swift; path = CoachService.swift; sourceTree = "<group>"; };
		E9AD43DD460EEBD4AB4C355A /* PersistenceController.swift */ = {isa = PBXFileReference; lastKnownFileType = sourcecode.swift; path = PersistenceController.swift; sourceTree = "<group>"; };
		EA560FC8A89A7CCC10D04F37 /* GymTwin.entitlements */ = {isa = PBXFileReference; lastKnownFileType = text.plist.entitlements; path = GymTwin.entitlements; sourceTree = "<group>"; };
		EB73740D6F93E7A77119C9C8 /* GymTwinWatch.app */ = {isa = PBXFileReference; explicitFileType = wrapper.application; includeInIndex = 0; path = GymTwinWatch.app; sourceTree = BUILT_PRODUCTS_DIR; };
		F5E78A78E758AD33861CE990 /* TodayViewModel.swift */ = {isa = PBXFileReference; lastKnownFileType = sourcecode.swift; path = TodayViewModel.swift; sourceTree = "<group>"; };
		F668FB2D0169E44A5ECA41E6 /* Assets.xcassets */ = {isa = PBXFileReference; lastKnownFileType = folder.assetcatalog; path = Assets.xcassets; sourceTree = "<group>"; };
		F6D624428370CEBD4D8F91AB /* Workout.swift */ = {isa = PBXFileReference; lastKnownFileType = sourcecode.swift; path = Workout.swift; sourceTree = "<group>"; };
		F8062738D3A3DDEA3BCF33C6 /* AdminPanelView.swift */ = {isa = PBXFileReference; lastKnownFileType = sourcecode.swift; path = AdminPanelView.swift; sourceTree = "<group>"; };
		FC0ED5E529EF397BA8482673 /* GymTwinWatchApp.swift */ = {isa = PBXFileReference; lastKnownFileType = sourcecode.swift; path = GymTwinWatchApp.swift; sourceTree = "<group>"; };
		FCB98CCA001DE8AE5EBC3C90 /* MachineDetailView.swift */ = {isa = PBXFileReference; lastKnownFileType = sourcecode.swift; path = MachineDetailView.swift; sourceTree = "<group>"; };
		FD83F5A48A68609EDABE8536 /* SurfaceCard.swift */ = {isa = PBXFileReference; lastKnownFileType = sourcecode.swift; path = SurfaceCard.swift; sourceTree = "<group>"; };
/* End PBXFileReference section */

/* Begin PBXGroup section */
		00116BCE923B92AC21D6F4E8 /* GymTwinWatch */ = {
			isa = PBXGroup;
			children = (
				8EA13E7A746373BBF3D921CD /* Assets.xcassets */,
				036FA5B1FDED246119218EB8 /* GymTwinWatch.entitlements */,
				DAE621F677E979A724BC443C /* Info.plist */,
				64052CE43E8D6263E890099C /* App */,
				A664C62D7353530775CC9111 /* Intents */,
				DFB8E9EEC74C1C39F46978B9 /* Services */,
				E64211595AD9651E300042BE /* Stores */,
				C46A2DC8C2B5C340FB0EE5B5 /* Views */,
			);
			path = GymTwinWatch;
			sourceTree = "<group>";
		};
		0199D6B34D04756E9A9FF189 /* App */ = {
			isa = PBXGroup;
			children = (
				93E6D7405F6BF071FC576A95 /* AppRouter.swift */,
				1CCD225C2765EF7C22FC3CD3 /* GymSelection.swift */,
				66CA8721207345A69224DA52 /* GymTwinApp.swift */,
				8C1CB0F9AFD1658E400FFF05 /* RootView.swift */,
			);
			path = App;
			sourceTree = "<group>";
		};
		04FEC58F3F4E2477807F4470 /* GymTwinShared */ = {
			isa = PBXGroup;
			children = (
				8772EFDFA95FE3B284543DFE /* Catalog */,
				4FD7AA38EDDA43D43728A9EC /* Models */,
				9729F3C441FDAA295A5517CA /* Persistence */,
				E728AF25F31664A6F86989D8 /* Services */,
				1EC35639B506C457E4D5F71A /* Shared */,
				8AEC0A36FBB967CE1509F2AD /* Widget */,
			);
			path = GymTwinShared;
			sourceTree = "<group>";
		};
		058188CB9798D2442E2794BE /* Services */ = {
			isa = PBXGroup;
			children = (
				251F23229591020A7428EA8A /* ExerciseCatalog.swift */,
				58EC1CB29B83E73AAE906F44 /* HealthKitService.swift */,
				A41047449F1937694A3C8F12 /* MuscleRecoveryService.swift */,
				4082C539BBA6D5AB6DA610E7 /* RecoveryService.swift */,
				94EB78C106E235FC66B97011 /* SyncCoordinator.swift */,
				CD5F25E2E5023FC30C7B990E /* WidgetSyncService.swift */,
				99AE1D1C8C09B407F8E357C4 /* WorkoutLiveActivityController.swift */,
				41EA5556007309652695D0A6 /* WorkoutService.swift */,
				F85661FC75BEE67B7F23EB45 /* AI */,
				CA75EB36406966F42A423B5A /* Recognition */,
				FF5641FE4105B7CDF8D991D7 /* Repository */,
			);
			path = Services;
			sourceTree = "<group>";
		};
		135EFE83FE389C8C21B1841D /* Products */ = {
			isa = PBXGroup;
			children = (
				23F716753280D1A6E54214CB /* GymTwin.app */,
				82BF84F8AA8346A6B41F986A /* GymTwinTests.xctest */,
				6C0EBF69873B9AD527A5C373 /* GymTwinUITests.xctest */,
				EB73740D6F93E7A77119C9C8 /* GymTwinWatch.app */,
				02E5E061FDACCD3924B402A1 /* GymTwinWidgets.appex */,
			);
			name = Products;
			sourceTree = "<group>";
		};
		1EC35639B506C457E4D5F71A /* Shared */ = {
			isa = PBXGroup;
			children = (
				E62D8A7CF15C7C4938DDAB8E /* DesignTokens.swift */,
			);
			path = Shared;
			sourceTree = "<group>";
		};
		3B118AFA12BD3D0EBA5CEEA0 /* Resources */ = {
			isa = PBXGroup;
			children = (
				F668FB2D0169E44A5ECA41E6 /* Assets.xcassets */,
				C950E5DF88961878B471C009 /* exercises.json */,
				6AF7B2293A4257BBE8A9AC68 /* machines.json */,
			);
			path = Resources;
			sourceTree = "<group>";
		};
		3CEEF1775132940CD5291927 /* Components */ = {
			isa = PBXGroup;
			children = (
				1F154E7DC4B5A0217DAA1E09 /* GymBackground.swift */,
				5E465AABED3EF0A54E51999E /* HealthAndCoachCards.swift */,
				47B04C3EBED56AC3CB065E58 /* MachineArt.swift */,
				75E0D95995AB719F8E2B8BEA /* PremiumCards.swift */,
				FD83F5A48A68609EDABE8536 /* SurfaceCard.swift */,
				DBA719115FC7E20B3FC25592 /* UIComponents.swift */,
				0DC23B17DBE4DE9EA6B89400 /* WorkoutControls.swift */,
			);
			path = Components;
			sourceTree = "<group>";
		};
		4C8E259432847C49F3F60494 /* GymTwin */ = {
			isa = PBXGroup;
			children = (
				EA560FC8A89A7CCC10D04F37 /* GymTwin.entitlements */,
				2344A69A32325F5849914270 /* Info.plist */,
				0199D6B34D04756E9A9FF189 /* App */,
				A5561D59323481AF9DC93A85 /* Intents */,
				5CBFCF4378F753625E29A60B /* Persistence */,
				3B118AFA12BD3D0EBA5CEEA0 /* Resources */,
				058188CB9798D2442E2794BE /* Services */,
				538104B8F0187974B692FDCE /* ViewModels */,
				7F9C3E3AECFCAD39872AC866 /* Views */,
			);
			path = GymTwin;
			sourceTree = "<group>";
		};
		4FD7AA38EDDA43D43728A9EC /* Models */ = {
			isa = PBXGroup;
			children = (
				50CD4BD7EA0A23300390B367 /* Exercise.swift */,
				9B282E8C1FE7E4A0BDB11628 /* Gym.swift */,
				ACE9133F1F3722E0411BAE8B /* GymArea.swift */,
				11433399223181D93E103050 /* Machine.swift */,
				754E2B4CE919E8DD4EE943C5 /* MachineSetting.swift */,
				F6D624428370CEBD4D8F91AB /* Workout.swift */,
				579EC8DEA52A12CCF082971A /* WorkoutExercise.swift */,
				8FDB60E10B18BD727E22653D /* WorkoutPlan.swift */,
				2EEF30E1C9FDEF1F890BCEF8 /* WorkoutSet.swift */,
			);
			path = Models;
			sourceTree = "<group>";
		};
		506B9F4FC9E2C39B38EF202F /* Profile */ = {
			isa = PBXGroup;
			children = (
				867C5F5E345B046BE25B9D02 /* ProfileView.swift */,
			);
			path = Profile;
			sourceTree = "<group>";
		};
		538104B8F0187974B692FDCE /* ViewModels */ = {
			isa = PBXGroup;
			children = (
				07E295B352A8AC07335F1DD9 /* AdminViewModel.swift */,
				00A32DCDE85977633AEBDDAB /* GymViewModel.swift */,
				8D694F0412FD54736F8C541A /* MachineViewModel.swift */,
				A4162DB525C5FFD7E7751565 /* PlanViewModel.swift */,
				860331DE350DD663AC9DD7AC /* ProgressViewModel.swift */,
				9D827BC9D03C7BB806D20984 /* RecognitionViewModel.swift */,
				07ACDCA3F9E3BD49697A0B09 /* SettingsViewModel.swift */,
				F5E78A78E758AD33861CE990 /* TodayViewModel.swift */,
				8013728F984F9DF598CDA995 /* WorkoutViewModel.swift */,
			);
			path = ViewModels;
			sourceTree = "<group>";
		};
		5A60F36823C1FD61EBFD913E /* Plan */ = {
			isa = PBXGroup;
			children = (
				BAD0AF58DEC8105E8519B0E8 /* PlanGeneratorView.swift */,
				DCF6A3CDEB93F5B02DE55484 /* PlansView.swift */,
			);
			path = Plan;
			sourceTree = "<group>";
		};
		5CBFCF4378F753625E29A60B /* Persistence */ = {
			isa = PBXGroup;
			children = (
				43A48C331EFE7F732C307707 /* ExerciseSeeder.swift */,
				E448EB969D4CC6AC95501E7A /* SampleData.swift */,
			);
			path = Persistence;
			sourceTree = "<group>";
		};
		64052CE43E8D6263E890099C /* App */ = {
			isa = PBXGroup;
			children = (
				FC0ED5E529EF397BA8482673 /* GymTwinWatchApp.swift */,
			);
			path = App;
			sourceTree = "<group>";
		};
		77A9DF142A7500B549435E9D /* Onboarding */ = {
			isa = PBXGroup;
			children = (
				95C8A7D4CD7B5675B4F41673 /* OnboardingView.swift */,
			);
			path = Onboarding;
			sourceTree = "<group>";
		};
		792F009EB8B02B60465AB838 /* Machines */ = {
			isa = PBXGroup;
			children = (
				FCB98CCA001DE8AE5EBC3C90 /* MachineDetailView.swift */,
				66D2414AFA8E80B50958B1B6 /* MachineEditView.swift */,
			);
			path = Machines;
			sourceTree = "<group>";
		};
		7F9C3E3AECFCAD39872AC866 /* Views */ = {
			isa = PBXGroup;
			children = (
				C487FEFCDF3B8D5FD4BCA57F /* Admin */,
				3CEEF1775132940CD5291927 /* Components */,
				9381AB17F3F62CDF4E01CB1C /* Exercises */,
				EA760ADAD29C9A7CF8729C70 /* Gym */,
				E64C500E738CA1AA0EFECBB1 /* History */,
				792F009EB8B02B60465AB838 /* Machines */,
				77A9DF142A7500B549435E9D /* Onboarding */,
				5A60F36823C1FD61EBFD913E /* Plan */,
				506B9F4FC9E2C39B38EF202F /* Profile */,
				C06D6BFCED57BC737C255754 /* Progress */,
				9E8D7B5180FC347244812BB9 /* Scan */,
				CFDD3CA4199F6E744E9B786D /* Settings */,
				D0F64FDF00C2532B8617495E /* Today */,
				91704B19563CA0554E4989B3 /* Workout */,
			);
			path = Views;
			sourceTree = "<group>";
		};
		8772EFDFA95FE3B284543DFE /* Catalog */ = {
			isa = PBXGroup;
			children = (
				0085A0EFA31E8268D9A02E77 /* ExerciseDefinition.swift */,
				780117DEF662A76F53D13E95 /* MachineDefinition.swift */,
			);
			path = Catalog;
			sourceTree = "<group>";
		};
		8AEC0A36FBB967CE1509F2AD /* Widget */ = {
			isa = PBXGroup;
			children = (
				6CE74C36EAE1CFBA37574621 /* WidgetSnapshot.swift */,
				653E850B0D24E954D64E4A0D /* WorkoutActivityAttributes.swift */,
			);
			path = Widget;
			sourceTree = "<group>";
		};
		91704B19563CA0554E4989B3 /* Workout */ = {
			isa = PBXGroup;
			children = (
				523CE928FD5D9C2C6DE0ABD5 /* SessionSummaryView.swift */,
				6066CCE60AADAD9A0D806BB9 /* WorkoutExerciseCard.swift */,
				9D9CA2974623D22809507D09 /* WorkoutFlowView.swift */,
				D4FA723790B3DA0348467F1F /* WorkoutMachinePicker.swift */,
				401636DF9EDFE35655F24DF2 /* WorkoutSetEntryView.swift */,
				07595F1B834138FFE8B03578 /* WorkoutsHubView.swift */,
			);
			path = Workout;
			sourceTree = "<group>";
		};
		9381AB17F3F62CDF4E01CB1C /* Exercises */ = {
			isa = PBXGroup;
			children = (
				189D4CB001D48B87D48A8D29 /* ExerciseDetailView.swift */,
				77C62ABD563C6C06C1F44262 /* ExerciseLibraryView.swift */,
			);
			path = Exercises;
			sourceTree = "<group>";
		};
		9729F3C441FDAA295A5517CA /* Persistence */ = {
			isa = PBXGroup;
			children = (
				1EE01EB64E0F2426B8359C12 /* AppGroup.swift */,
				E9AD43DD460EEBD4AB4C355A /* PersistenceController.swift */,
			);
			path = Persistence;
			sourceTree = "<group>";
		};
		9E8D7B5180FC347244812BB9 /* Scan */ = {
			isa = PBXGroup;
			children = (
				3045F4166FF5D49288A2CABA /* ScanFlowView.swift */,
			);
			path = Scan;
			sourceTree = "<group>";
		};
		A5561D59323481AF9DC93A85 /* Intents */ = {
			isa = PBXGroup;
			children = (
				5E9BBA095DDB5A3FB69780C3 /* StartWorkoutIntent.swift */,
			);
			path = Intents;
			sourceTree = "<group>";
		};
		A664C62D7353530775CC9111 /* Intents */ = {
			isa = PBXGroup;
			children = (
				4ED85C2BB95831EFD138767A /* WatchWorkoutIntents.swift */,
			);
			path = Intents;
			sourceTree = "<group>";
		};
		C06D6BFCED57BC737C255754 /* Progress */ = {
			isa = PBXGroup;
			children = (
				A9F3D90439C2D9BEC47B84B0 /* ProgressDashboardView.swift */,
			);
			path = Progress;
			sourceTree = "<group>";
		};
		C46A2DC8C2B5C340FB0EE5B5 /* Views */ = {
			isa = PBXGroup;
			children = (
				1960781B981D1236EC4244A9 /* WatchMachineView.swift */,
				880D87BE9B1394F5AA2F38CF /* WatchRootView.swift */,
				AA44D04A6FF83883BB0447F3 /* WatchSetLoggingView.swift */,
				B1C549774BBA25C1665DE909 /* WatchTodayView.swift */,
			);
			path = Views;
			sourceTree = "<group>";
		};
		C487FEFCDF3B8D5FD4BCA57F /* Admin */ = {
			isa = PBXGroup;
			children = (
				F8062738D3A3DDEA3BCF33C6 /* AdminPanelView.swift */,
			);
			path = Admin;
			sourceTree = "<group>";
		};
		CA75EB36406966F42A423B5A /* Recognition */ = {
			isa = PBXGroup;
			children = (
				15C12F13D8FA1C7F472AE2C2 /* MachineRecognitionService.swift */,
				7698C4C0B7281FFA2719F2B2 /* NFCService.swift */,
			);
			path = Recognition;
			sourceTree = "<group>";
		};
		CCC7E0781F664DCFBDEBE271 /* GymTwinUITests */ = {
			isa = PBXGroup;
			children = (
				5CB43BE48C96E6C99DFDCD8E /* ScreenshotTests.swift */,
			);
			path = GymTwinUITests;
			sourceTree = "<group>";
		};
		CFDD3CA4199F6E744E9B786D /* Settings */ = {
			isa = PBXGroup;
			children = (
				4C2FF3203ED2FFFA683B6C5C /* SettingsView.swift */,
			);
			path = Settings;
			sourceTree = "<group>";
		};
		D0AE6E2CCCF7B63A6C83545D /* GymTwinTests */ = {
			isa = PBXGroup;
			children = (
				19847D1D5C1169B9805FB15C /* AICoachTests.swift */,
				40C70CFFE5BBDD8AEE7C5AEC /* CoachNarratorTests.swift */,
				ABCB7725660ED1D8E71668E3 /* ExerciseLibraryTests.swift */,
				D9B85780B1AA074659869B5E /* MachineRecognitionTests.swift */,
				0EB990CB89156DDF3F05527B /* MachineRepositoryTests.swift */,
				197E86A187C84330D6E23090 /* ModelPersistenceTests.swift */,
				544D0DCAEFE51D69073943C0 /* MuscleRecoveryServiceTests.swift */,
				22ACC5B15992547FF8880D49 /* SampleDataTests.swift */,
				57D75799363D1A2160E35446 /* WatchPayloadsTests.swift */,
				9D67600880CCE9E738C19038 /* WorkoutServiceTests.swift */,
			);
			path = GymTwinTests;
			sourceTree = "<group>";
		};
		D0F64FDF00C2532B8617495E /* Today */ = {
			isa = PBXGroup;
			children = (
				5181065F36E7213EB0105438 /* TodayView.swift */,
			);
			path = Today;
			sourceTree = "<group>";
		};
		DDE3F41C7D5489B4C0AFE10A = {
			isa = PBXGroup;
			children = (
				4C8E259432847C49F3F60494 /* GymTwin */,
				04FEC58F3F4E2477807F4470 /* GymTwinShared */,
				D0AE6E2CCCF7B63A6C83545D /* GymTwinTests */,
				CCC7E0781F664DCFBDEBE271 /* GymTwinUITests */,
				00116BCE923B92AC21D6F4E8 /* GymTwinWatch */,
				E466C8B90DBE14773BFF6493 /* GymTwinWidgets */,
				135EFE83FE389C8C21B1841D /* Products */,
			);
			sourceTree = "<group>";
		};
		DFB8E9EEC74C1C39F46978B9 /* Services */ = {
			isa = PBXGroup;
			children = (
				279C19CB61CA2C80F6240238 /* WatchWorkoutSession.swift */,
			);
			path = Services;
			sourceTree = "<group>";
		};
		E466C8B90DBE14773BFF6493 /* GymTwinWidgets */ = {
			isa = PBXGroup;
			children = (
				36CEC9A0479EE4CE28BF2833 /* GymTwinWidgetBundle.swift */,
				7E46890885D467BE82B6B4F2 /* GymTwinWidgets.entitlements */,
				4C6495BDF9877F15F7D27E0E /* Info.plist */,
				0011BC2C0EA5CEF96A58EB4F /* ReadinessWidget.swift */,
				0A323C3454C4E58971F0D2CD /* WorkoutLiveActivityWidget.swift */,
			);
			path = GymTwinWidgets;
			sourceTree = "<group>";
		};
		E64211595AD9651E300042BE /* Stores */ = {
			isa = PBXGroup;
			children = (
				3402624AB04AAC2BFF23976B /* WatchDataStore.swift */,
			);
			path = Stores;
			sourceTree = "<group>";
		};
		E64C500E738CA1AA0EFECBB1 /* History */ = {
			isa = PBXGroup;
			children = (
				5E93D7AD81A9D2DA35CF4285 /* WorkoutDetailView.swift */,
			);
			path = History;
			sourceTree = "<group>";
		};
		E728AF25F31664A6F86989D8 /* Services */ = {
			isa = PBXGroup;
			children = (
				B33F027F660AA25AD7502004 /* StorageService.swift */,
				DF862F5D409F330148EDB52D /* WatchConnectivityService.swift */,
				3E55C71A2E32601353ACB7F1 /* WatchPayloads.swift */,
			);
			path = Services;
			sourceTree = "<group>";
		};
		EA760ADAD29C9A7CF8729C70 /* Gym */ = {
			isa = PBXGroup;
			children = (
				C131FA5E89D1EA44D61CEF96 /* GymView.swift */,
				422E452DEEB8CC28C6894BF7 /* MachineGridView.swift */,
			);
			path = Gym;
			sourceTree = "<group>";
		};
		F85661FC75BEE67B7F23EB45 /* AI */ = {
			isa = PBXGroup;
			children = (
				6582B642A3D291FB0EDFB90A /* AIWorkoutCoach.swift */,
				63A979475A9BFC7A09D3ECD8 /* CoachNarrator.swift */,
				E8FFEDD3EBB50AAA48F4B7B4 /* CoachService.swift */,
				B3F1EFEE08BCB05CB935C6B1 /* DeterministicWorkoutCoach.swift */,
				577ED5EFD296FFAC7C53469C /* FoundationModelsCoachNarrator.swift */,
			);
			path = AI;
			sourceTree = "<group>";
		};
		FF5641FE4105B7CDF8D991D7 /* Repository */ = {
			isa = PBXGroup;
			children = (
				35F94D78025FE4A3F3D0BA48 /* MachineRepository.swift */,
				2C00EB0CC1CB963FAEEC1C3E /* OpenSearchMachineRepository.swift */,
			);
			path = Repository;
			sourceTree = "<group>";
		};
/* End PBXGroup section */

/* Begin PBXNativeTarget section */
		5EE9598875476C3E4412E33D /* GymTwinTests */ = {
			isa = PBXNativeTarget;
			buildConfigurationList = 6F2B86ED6AE8277C5C72FF90 /* Build configuration list for PBXNativeTarget "GymTwinTests" */;
			buildPhases = (
				4004CDB477BB02DB5941A008 /* Sources */,
			);
			buildRules = (
			);
			dependencies = (
				2FA42D52D723ACA2D3606A73 /* PBXTargetDependency */,
			);
			name = GymTwinTests;
			packageProductDependencies = (
			);
			productName = GymTwinTests;
			productReference = 82BF84F8AA8346A6B41F986A /* GymTwinTests.xctest */;
			productType = "com.apple.product-type.bundle.unit-test";
		};
		5F5AEC833522A4954197D998 /* GymTwinWidgets */ = {
			isa = PBXNativeTarget;
			buildConfigurationList = 0E33C63084ADCB26D46C80E5 /* Build configuration list for PBXNativeTarget "GymTwinWidgets" */;
			buildPhases = (
				B293F7D654620C4E24D9A69D /* Sources */,
			);
			buildRules = (
			);
			dependencies = (
			);
			name = GymTwinWidgets;
			packageProductDependencies = (
			);
			productName = GymTwinWidgets;
			productReference = 02E5E061FDACCD3924B402A1 /* GymTwinWidgets.appex */;
			productType = "com.apple.product-type.app-extension";
		};
		B00631FF30F68A4E2D61A8C9 /* GymTwinUITests */ = {
			isa = PBXNativeTarget;
			buildConfigurationList = 3EB39FE551093FEC9D52AA41 /* Build configuration list for PBXNativeTarget "GymTwinUITests" */;
			buildPhases = (
				1067D458198817CC38D7C708 /* Sources */,
			);
			buildRules = (
			);
			dependencies = (
				57BBAFF9E94789A8913A8D71 /* PBXTargetDependency */,
			);
			name = GymTwinUITests;
			packageProductDependencies = (
			);
			productName = GymTwinUITests;
			productReference = 6C0EBF69873B9AD527A5C373 /* GymTwinUITests.xctest */;
			productType = "com.apple.product-type.bundle.ui-testing";
		};
		C6726322E7593F979BFED491 /* GymTwin */ = {
			isa = PBXNativeTarget;
			buildConfigurationList = 22A32D7ACEB67E610D171AD8 /* Build configuration list for PBXNativeTarget "GymTwin" */;
			buildPhases = (
				A1344825C65FC52D552B3856 /* Sources */,
				DC68C28FE0F03A5570A40AEF /* Resources */,
				333DE2F0AE253A9A3A68C8FD /* Embed Foundation Extensions */,
				C4A0955C28D77C8323ADBFDC /* Embed Watch Content */,
			);
			buildRules = (
			);
			dependencies = (
				D902EFC2200947D2285F78AA /* PBXTargetDependency */,
				7DA67D231252AB5C92BF4453 /* PBXTargetDependency */,
			);
			name = GymTwin;
			packageProductDependencies = (
			);
			productName = GymTwin;
			productReference = 23F716753280D1A6E54214CB /* GymTwin.app */;
			productType = "com.apple.product-type.application";
		};
		FF37C53F4509A3CADAB0972D /* GymTwinWatch */ = {
			isa = PBXNativeTarget;
			buildConfigurationList = C5F4B6C9513AE610233AA9F1 /* Build configuration list for PBXNativeTarget "GymTwinWatch" */;
			buildPhases = (
				6B7595509144C4E425801880 /* Sources */,
				88CC21AB0B42366687CA70CD /* Resources */,
			);
			buildRules = (
			);
			dependencies = (
			);
			name = GymTwinWatch;
			packageProductDependencies = (
			);
			productName = GymTwinWatch;
			productReference = EB73740D6F93E7A77119C9C8 /* GymTwinWatch.app */;
			productType = "com.apple.product-type.application";
		};
/* End PBXNativeTarget section */

/* Begin PBXProject section */
		02CD01D7C46A0B9F06CCE28A /* Project object */ = {
			isa = PBXProject;
			attributes = {
				BuildIndependentTargetsInParallel = YES;
				LastSwiftUpdateCheck = 2650;
				LastUpgradeCheck = 2650;
				TargetAttributes = {
					5EE9598875476C3E4412E33D = {
						DevelopmentTeam = R68833AU53;
						ProvisioningStyle = Automatic;
					};
					5F5AEC833522A4954197D998 = {
						DevelopmentTeam = R68833AU53;
						ProvisioningStyle = Automatic;
					};
					B00631FF30F68A4E2D61A8C9 = {
						DevelopmentTeam = R68833AU53;
						ProvisioningStyle = Automatic;
						TestTargetID = C6726322E7593F979BFED491;
					};
					C6726322E7593F979BFED491 = {
						DevelopmentTeam = R68833AU53;
						ProvisioningStyle = Automatic;
					};
					FF37C53F4509A3CADAB0972D = {
						DevelopmentTeam = R68833AU53;
						ProvisioningStyle = Automatic;
					};
				};
			};
			buildConfigurationList = EAD2D75082836E94FB8DC4A3 /* Build configuration list for PBXProject "GymTwin" */;
			developmentRegion = en;
			hasScannedForEncodings = 0;
			knownRegions = (
				Base,
				en,
			);
			mainGroup = DDE3F41C7D5489B4C0AFE10A;
			minimizedProjectReferenceProxies = 1;
			preferredProjectObjectVersion = 77;
			productRefGroup = 135EFE83FE389C8C21B1841D /* Products */;
			projectDirPath = "";
			projectRoot = "";
			targets = (
				C6726322E7593F979BFED491 /* GymTwin */,
				5EE9598875476C3E4412E33D /* GymTwinTests */,
				B00631FF30F68A4E2D61A8C9 /* GymTwinUITests */,
				FF37C53F4509A3CADAB0972D /* GymTwinWatch */,
				5F5AEC833522A4954197D998 /* GymTwinWidgets */,
			);
		};
/* End PBXProject section */

/* Begin PBXResourcesBuildPhase section */
		88CC21AB0B42366687CA70CD /* Resources */ = {
			isa = PBXResourcesBuildPhase;
			buildActionMask = 2147483647;
			files = (
				B6E23F68C73AEBFEC6524C02 /* Assets.xcassets in Resources */,
			);
			runOnlyForDeploymentPostprocessing = 0;
		};
		DC68C28FE0F03A5570A40AEF /* Resources */ = {
			isa = PBXResourcesBuildPhase;
			buildActionMask = 2147483647;
			files = (
				ABF3280FA5F91177B118B617 /* Assets.xcassets in Resources */,
				14C450A5B07583143BE800D5 /* exercises.json in Resources */,
				2A88E0EE3A981A0DFA1DD2A4 /* machines.json in Resources */,
			);
			runOnlyForDeploymentPostprocessing = 0;
		};
/* End PBXResourcesBuildPhase section */

/* Begin PBXSourcesBuildPhase section */
		1067D458198817CC38D7C708 /* Sources */ = {
			isa = PBXSourcesBuildPhase;
			buildActionMask = 2147483647;
			files = (
				719857F147DA67B6A60C241E /* ScreenshotTests.swift in Sources */,
			);
			runOnlyForDeploymentPostprocessing = 0;
		};
		4004CDB477BB02DB5941A008 /* Sources */ = {
			isa = PBXSourcesBuildPhase;
			buildActionMask = 2147483647;
			files = (
				423CFAFA1F6469D06355B2CA /* AICoachTests.swift in Sources */,
				FC44318D22B09B3E52D11B12 /* CoachNarratorTests.swift in Sources */,
				5572210545F3EE75C049F4B3 /* ExerciseLibraryTests.swift in Sources */,
				64BF2B99730140F3C2712C97 /* MachineRecognitionTests.swift in Sources */,
				12A6F121C813B542CE2BBF34 /* MachineRepositoryTests.swift in Sources */,
				938593C429F25FEE09A8676D /* ModelPersistenceTests.swift in Sources */,
				60177AC652CFD4E6B3DA1FC4 /* MuscleRecoveryServiceTests.swift in Sources */,
				E3BA898C7364B2258BDB2750 /* SampleDataTests.swift in Sources */,
				9AF31ACEF235800AD50A51AB /* WatchPayloadsTests.swift in Sources */,
				0E59B9BF2272655FF5AC2E27 /* WorkoutServiceTests.swift in Sources */,
			);
			runOnlyForDeploymentPostprocessing = 0;
		};
		6B7595509144C4E425801880 /* Sources */ = {
			isa = PBXSourcesBuildPhase;
			buildActionMask = 2147483647;
			files = (
				5204FBEBA598758D618F9CE5 /* AppGroup.swift in Sources */,
				032E04EBCABA54E8F2492F6A /* DesignTokens.swift in Sources */,
				696C1D3658858460EF4F3D3E /* Exercise.swift in Sources */,
				8D418A86635069A8E2E8F6EF /* ExerciseDefinition.swift in Sources */,
				296C1592641A176D5C0F6DFB /* Gym.swift in Sources */,
				9325B7FD44594AEF8A19BEA0 /* GymArea.swift in Sources */,
				C338FB5ED04B7EF3F57CF1B9 /* GymTwinWatchApp.swift in Sources */,
				C631251758096A62DE6DE357 /* Machine.swift in Sources */,
				7A88F4EE1EBCCC45B00CC691 /* MachineDefinition.swift in Sources */,
				12CB886DFA116E304E5BC299 /* MachineSetting.swift in Sources */,
				0699088EC18FF7305DDF16F8 /* PersistenceController.swift in Sources */,
				CD4CB715E12AC78E00537849 /* StorageService.swift in Sources */,
				1443BFFCD3889F36A1DBA810 /* WatchConnectivityService.swift in Sources */,
				B78DAE6AFF093459E805C38D /* WatchDataStore.swift in Sources */,
				8CD9B245143A93B297F1671A /* WatchMachineView.swift in Sources */,
				EE47AD8E8DA8B1CEAB09EED5 /* WatchPayloads.swift in Sources */,
				E8371E015813A87358832A05 /* WatchRootView.swift in Sources */,
				D6F9EA93FF97CD4FA3D0BE75 /* WatchSetLoggingView.swift in Sources */,
				FE70D175AC133AA6ACAA602A /* WatchTodayView.swift in Sources */,
				A8F4B51CA577862E72E75FBA /* WatchWorkoutIntents.swift in Sources */,
				F17CF5A434FD302A18E9B830 /* WatchWorkoutSession.swift in Sources */,
				8AD48581FF99C64E9C4B02FB /* WidgetSnapshot.swift in Sources */,
				E880F20ADB056FDB47562C04 /* Workout.swift in Sources */,
				CCD9E2DAEA6C2304B908A2CD /* WorkoutActivityAttributes.swift in Sources */,
				1CB1AE97EB4C8F28C87507D8 /* WorkoutExercise.swift in Sources */,
				2AB94B677344595F9DEF1996 /* WorkoutPlan.swift in Sources */,
				B2C555012DCD64A916FF35F7 /* WorkoutSet.swift in Sources */,
			);
			runOnlyForDeploymentPostprocessing = 0;
		};
		A1344825C65FC52D552B3856 /* Sources */ = {
			isa = PBXSourcesBuildPhase;
			buildActionMask = 2147483647;
			files = (
				EEED2BEE221A341E6B518B78 /* AIWorkoutCoach.swift in Sources */,
				101534D472BB815E94DF9ABD /* AdminPanelView.swift in Sources */,
				960FDBDF61F67CF79F6584D4 /* AdminViewModel.swift in Sources */,
				2EA28D43505C0BB88E3806F3 /* AppGroup.swift in Sources */,
				53EC7C2E2B8D6EF5B91407EF /* AppRouter.swift in Sources */,
				4651F28098686298955C70EA /* CoachNarrator.swift in Sources */,
				4C1507B0919C9D969BB2B568 /* CoachService.swift in Sources */,
				9CD40726A5721DF024D9AB35 /* DesignTokens.swift in Sources */,
				FABF4A9C262B4A81C1C82548 /* DeterministicWorkoutCoach.swift in Sources */,
				32980114E7B457C4F437F582 /* Exercise.swift in Sources */,
				0DC9287CACCC21E0FCAEB213 /* ExerciseCatalog.swift in Sources */,
				EF10DDA24704610859A1ABAC /* ExerciseDefinition.swift in Sources */,
				87132BF19C36C8CC3B5DBDA1 /* ExerciseDetailView.swift in Sources */,
				8E8F1666F53C393C30B97927 /* ExerciseLibraryView.swift in Sources */,
				4DAE42AB39C1F9DFBA88AD38 /* ExerciseSeeder.swift in Sources */,
				D7E5F7873BF9DB03FD00A3C0 /* FoundationModelsCoachNarrator.swift in Sources */,
				BF4C8B07786FAE652F37AE1C /* Gym.swift in Sources */,
				5CCE9B9EEFF5101A2D90B87D /* GymArea.swift in Sources */,
				6AD2FBF9F36FDD0DFD948713 /* GymBackground.swift in Sources */,
				14833479851ABE5A2D32333A /* GymSelection.swift in Sources */,
				DC4C5613A2DB510571DE6537 /* GymTwinApp.swift in Sources */,
				98749BCF117931FD72E66363 /* GymView.swift in Sources */,
				0A1FBC7CA854A7987E57CBFF /* GymViewModel.swift in Sources */,
				B0E87457F95B3330518009A9 /* HealthAndCoachCards.swift in Sources */,
				12383AE11B9ABD2E1816EA30 /* HealthKitService.swift in Sources */,
				4428AEE68F2796B08727B10E /* Machine.swift in Sources */,
				9EFECAC72AF6BE3AFE4A6F32 /* MachineArt.swift in Sources */,
				920E1606516DC8229B449A97 /* MachineDefinition.swift in Sources */,
				8B5BB42E3AE3CC32E763F33F /* MachineDetailView.swift in Sources */,
				BA5191C5581B16A87407AF30 /* MachineEditView.swift in Sources */,
				028AA4F0E9ED1C76676DE970 /* MachineGridView.swift in Sources */,
				A04239B73FC837ACF7FF2308 /* MachineRecognitionService.swift in Sources */,
				9439D3A5B570B32C301D577D /* MachineRepository.swift in Sources */,
				A89B0167B786BCBAD5C8DD8C /* MachineSetting.swift in Sources */,
				F572D8CEABEC1A007E347788 /* MachineViewModel.swift in Sources */,
				3BF0348427193881CF67200E /* MuscleRecoveryService.swift in Sources */,
				F4C8CD79FAFB5B2B937410EF /* NFCService.swift in Sources */,
				AAD2E047A97A37AFA30F3E57 /* OnboardingView.swift in Sources */,
				AF02323B80C81BAE70062CE6 /* OpenSearchMachineRepository.swift in Sources */,
				82126F3EDC52DCBF39637A05 /* PersistenceController.swift in Sources */,
				64A5E34D6B2684B6BA373B4D /* PlanGeneratorView.swift in Sources */,
				FCF6DB0E42006500E00F4C8E /* PlanViewModel.swift in Sources */,
				DD44E520F8BBEA0FF66F65A1 /* PlansView.swift in Sources */,
				6C5252AEB57D7C4C02E413E6 /* PremiumCards.swift in Sources */,
				9D2F1D1B29ACE8031E833166 /* ProfileView.swift in Sources */,
				53C9E367C4678CE4FEEE8510 /* ProgressDashboardView.swift in Sources */,
				C94DFFF3E187A7AE1A9435F4 /* ProgressViewModel.swift in Sources */,
				5F010A0D93CC57B579C825DA /* RecognitionViewModel.swift in Sources */,
				CA9E0281C98BDB032A4110EC /* RecoveryService.swift in Sources */,
				3895B6C2FB801F89E91767A7 /* RootView.swift in Sources */,
				D79AC81C1DC9B45DCE1BCCA7 /* SampleData.swift in Sources */,
				B281ACD5518A716C6F19F2AC /* ScanFlowView.swift in Sources */,
				29C30CA0213D31EEBDB17574 /* SessionSummaryView.swift in Sources */,
				43E72288DE1B1007D8714A37 /* SettingsView.swift in Sources */,
				0205948553E982AA02BBB64B /* SettingsViewModel.swift in Sources */,
				73658FE9623B826706479743 /* StartWorkoutIntent.swift in Sources */,
				0EE846F7F618F4959309EF5E /* StorageService.swift in Sources */,
				49AC1A7FCE5FBACD2C9F76A6 /* SurfaceCard.swift in Sources */,
				90D307CD2E2318EC02DB88D6 /* SyncCoordinator.swift in Sources */,
				D248EA6DBF5776AF140CD565 /* TodayView.swift in Sources */,
				5778F552EF0A9A82D80DFFDE /* TodayViewModel.swift in Sources */,
				AD327654DEFB7C8D9634A2F3 /* UIComponents.swift in Sources */,
				143C8AED27D67F71A6F60B1D /* WatchConnectivityService.swift in Sources */,
				716E3834B250418D6EF20E0F /* WatchPayloads.swift in Sources */,
				60D7D3EED9DF32C989536863 /* WidgetSnapshot.swift in Sources */,
				9E5011DC763572986DD16DE9 /* WidgetSyncService.swift in Sources */,
				9BBEEF20AA9C7E6147E93420 /* Workout.swift in Sources */,
				9F7A884BA616A228B2983DE2 /* WorkoutActivityAttributes.swift in Sources */,
				17D5664B6EE0790CCCDB3420 /* WorkoutControls.swift in Sources */,
				6899D1DB948374A01FBD4341 /* WorkoutDetailView.swift in Sources */,
				2C0449075535F9367B2117CD /* WorkoutExercise.swift in Sources */,
				CEAFA42929EC5C71A1259085 /* WorkoutExerciseCard.swift in Sources */,
				38BE4337EB327B378D426B53 /* WorkoutFlowView.swift in Sources */,
				27EB053BDAFD903A2A69811B /* WorkoutLiveActivityController.swift in Sources */,
				10D8FDF9FF4B66C5B35FF4A2 /* WorkoutMachinePicker.swift in Sources */,
				ADAC33D56C691944D1147C74 /* WorkoutPlan.swift in Sources */,
				D2B9F94032B05D715BAB4917 /* WorkoutService.swift in Sources */,
				2DB9A674038E66F5D5964118 /* WorkoutSet.swift in Sources */,
				A3947EE989A0DE5FC99C92FB /* WorkoutSetEntryView.swift in Sources */,
				1F3F3A204503381092DF5E2C /* WorkoutViewModel.swift in Sources */,
				53FDE7FF358DF460D4FD52A2 /* WorkoutsHubView.swift in Sources */,
			);
			runOnlyForDeploymentPostprocessing = 0;
		};
		B293F7D654620C4E24D9A69D /* Sources */ = {
			isa = PBXSourcesBuildPhase;
			buildActionMask = 2147483647;
			files = (
				4EB50ECB09BFD786F46C4860 /* AppGroup.swift in Sources */,
				0D46263D90FBF2C3DA01DD19 /* DesignTokens.swift in Sources */,
				E3D734C0E5F8690A95D6A79E /* GymTwinWidgetBundle.swift in Sources */,
				CC59EB7A621C11C745879E72 /* ReadinessWidget.swift in Sources */,
				ADF278FE7459266EECA5927F /* WidgetSnapshot.swift in Sources */,
				797FC559E0919C2D97C57BAD /* WorkoutActivityAttributes.swift in Sources */,
				490FCD05775CB73F5E8CD18F /* WorkoutLiveActivityWidget.swift in Sources */,
			);
			runOnlyForDeploymentPostprocessing = 0;
		};
/* End PBXSourcesBuildPhase section */

/* Begin PBXTargetDependency section */
		2FA42D52D723ACA2D3606A73 /* PBXTargetDependency */ = {
			isa = PBXTargetDependency;
			target = C6726322E7593F979BFED491 /* GymTwin */;
			targetProxy = E50EA5319A8507D4F6322291 /* PBXContainerItemProxy */;
		};
		57BBAFF9E94789A8913A8D71 /* PBXTargetDependency */ = {
			isa = PBXTargetDependency;
			target = C6726322E7593F979BFED491 /* GymTwin */;
			targetProxy = AD7BCE422DDA0D19EF3342D9 /* PBXContainerItemProxy */;
		};
		7DA67D231252AB5C92BF4453 /* PBXTargetDependency */ = {
			isa = PBXTargetDependency;
			target = 5F5AEC833522A4954197D998 /* GymTwinWidgets */;
			targetProxy = 3F1210BFEA848BA71EAE02B7 /* PBXContainerItemProxy */;
		};
		D902EFC2200947D2285F78AA /* PBXTargetDependency */ = {
			isa = PBXTargetDependency;
			target = FF37C53F4509A3CADAB0972D /* GymTwinWatch */;
			targetProxy = 5297DE44E11366A256FB5CB8 /* PBXContainerItemProxy */;
		};
/* End PBXTargetDependency section */

/* Begin XCBuildConfiguration section */
		345A9F2F87CC92C00322AE5E /* Release */ = {
			isa = XCBuildConfiguration;
			buildSettings = {
				ASSETCATALOG_COMPILER_APPICON_NAME = AppIcon;
				CODE_SIGN_ENTITLEMENTS = GymTwinWatch/GymTwinWatch.entitlements;
				INFOPLIST_FILE = GymTwinWatch/Info.plist;
				PRODUCT_BUNDLE_IDENTIFIER = com.markusvaitl.gymtwin.watchkitapp;
				SDKROOT = watchos;
				SKIP_INSTALL = YES;
				TARGETED_DEVICE_FAMILY = 4;
			};
			name = Release;
		};
		37CD29A7D7EDEC30F2CB79F0 /* Debug */ = {
			isa = XCBuildConfiguration;
			buildSettings = {
				BUNDLE_LOADER = "$(TEST_HOST)";
				GENERATE_INFOPLIST_FILE = YES;
				LD_RUNPATH_SEARCH_PATHS = (
					"$(inherited)",
					"@executable_path/Frameworks",
					"@loader_path/Frameworks",
				);
				PRODUCT_BUNDLE_IDENTIFIER = com.markusvaitl.gymtwin.uitests;
				SDKROOT = iphoneos;
				TARGETED_DEVICE_FAMILY = "1,2";
				TEST_TARGET_NAME = GymTwin;
			};
			name = Debug;
		};
		7390708AFD977AFF4E81E06C /* Debug */ = {
			isa = XCBuildConfiguration;
			buildSettings = {
				BUNDLE_LOADER = "$(TEST_HOST)";
				GENERATE_INFOPLIST_FILE = YES;
				LD_RUNPATH_SEARCH_PATHS = (
					"$(inherited)",
					"@executable_path/Frameworks",
					"@loader_path/Frameworks",
				);
				PRODUCT_BUNDLE_IDENTIFIER = com.markusvaitl.gymtwin.tests;
				SDKROOT = iphoneos;
				TARGETED_DEVICE_FAMILY = "1,2";
				TEST_HOST = "$(BUILT_PRODUCTS_DIR)/GymTwin.app/GymTwin";
			};
			name = Debug;
		};
		890D37AA34FA39DD661904CC /* Debug */ = {
			isa = XCBuildConfiguration;
			buildSettings = {
				ASSETCATALOG_COMPILER_APPICON_NAME = AppIcon;
				CODE_SIGN_ENTITLEMENTS = GymTwinWatch/GymTwinWatch.entitlements;
				INFOPLIST_FILE = GymTwinWatch/Info.plist;
				PRODUCT_BUNDLE_IDENTIFIER = com.markusvaitl.gymtwin.watchkitapp;
				SDKROOT = watchos;
				SKIP_INSTALL = YES;
				TARGETED_DEVICE_FAMILY = 4;
			};
			name = Debug;
		};
		9114152E30E54DABD8B456C0 /* Release */ = {
			isa = XCBuildConfiguration;
			buildSettings = {
				BUNDLE_LOADER = "$(TEST_HOST)";
				GENERATE_INFOPLIST_FILE = YES;
				LD_RUNPATH_SEARCH_PATHS = (
					"$(inherited)",
					"@executable_path/Frameworks",
					"@loader_path/Frameworks",
				);
				PRODUCT_BUNDLE_IDENTIFIER = com.markusvaitl.gymtwin.uitests;
				SDKROOT = iphoneos;
				TARGETED_DEVICE_FAMILY = "1,2";
				TEST_TARGET_NAME = GymTwin;
			};
			name = Release;
		};
		9B4D04DE4538DF3D946EDE10 /* Release */ = {
			isa = XCBuildConfiguration;
			buildSettings = {
				BUNDLE_LOADER = "$(TEST_HOST)";
				GENERATE_INFOPLIST_FILE = YES;
				LD_RUNPATH_SEARCH_PATHS = (
					"$(inherited)",
					"@executable_path/Frameworks",
					"@loader_path/Frameworks",
				);
				PRODUCT_BUNDLE_IDENTIFIER = com.markusvaitl.gymtwin.tests;
				SDKROOT = iphoneos;
				TARGETED_DEVICE_FAMILY = "1,2";
				TEST_HOST = "$(BUILT_PRODUCTS_DIR)/GymTwin.app/GymTwin";
			};
			name = Release;
		};
		AC940CCC5AB7327E11CFBE40 /* Release */ = {
			isa = XCBuildConfiguration;
			buildSettings = {
				ASSETCATALOG_COMPILER_APPICON_NAME = AppIcon;
				CODE_SIGN_ENTITLEMENTS = GymTwin/GymTwin.entitlements;
				CODE_SIGN_IDENTITY = "iPhone Developer";
				INFOPLIST_FILE = GymTwin/Info.plist;
				LD_RUNPATH_SEARCH_PATHS = (
					"$(inherited)",
					"@executable_path/Frameworks",
				);
				PRODUCT_BUNDLE_IDENTIFIER = com.markusvaitl.gymtwin;
				SDKROOT = iphoneos;
				SUPPORTS_MACCATALYST = NO;
				TARGETED_DEVICE_FAMILY = "1,2";
			};
			name = Release;
		};
		AEB4EEA110AC1C96D0810A5F /* Debug */ = {
			isa = XCBuildConfiguration;
			buildSettings = {
				ASSETCATALOG_COMPILER_APPICON_NAME = AppIcon;
				CODE_SIGN_ENTITLEMENTS = GymTwin/GymTwin.entitlements;
				CODE_SIGN_IDENTITY = "iPhone Developer";
				INFOPLIST_FILE = GymTwin/Info.plist;
				LD_RUNPATH_SEARCH_PATHS = (
					"$(inherited)",
					"@executable_path/Frameworks",
				);
				PRODUCT_BUNDLE_IDENTIFIER = com.markusvaitl.gymtwin;
				SDKROOT = iphoneos;
				SUPPORTS_MACCATALYST = NO;
				TARGETED_DEVICE_FAMILY = "1,2";
			};
			name = Debug;
		};
		C9C06F6D25377CD251D7601D /* Debug */ = {
			isa = XCBuildConfiguration;
			buildSettings = {
				ALWAYS_SEARCH_USER_PATHS = NO;
				CLANG_ANALYZER_NONNULL = YES;
				CLANG_ANALYZER_NUMBER_OBJECT_CONVERSION = YES_AGGRESSIVE;
				CLANG_CXX_LANGUAGE_STANDARD = "gnu++14";
				CLANG_CXX_LIBRARY = "libc++";
				CLANG_ENABLE_MODULES = YES;
				CLANG_ENABLE_OBJC_ARC = YES;
				CLANG_ENABLE_OBJC_WEAK = YES;
				CLANG_WARN_BLOCK_CAPTURE_AUTORELEASING = YES;
				CLANG_WARN_BOOL_CONVERSION = YES;
				CLANG_WARN_COMMA = YES;
				CLANG_WARN_CONSTANT_CONVERSION = YES;
				CLANG_WARN_DEPRECATED_OBJC_IMPLEMENTATIONS = YES;
				CLANG_WARN_DIRECT_OBJC_ISA_USAGE = YES_ERROR;
				CLANG_WARN_DOCUMENTATION_COMMENTS = YES;
				CLANG_WARN_EMPTY_BODY = YES;
				CLANG_WARN_ENUM_CONVERSION = YES;
				CLANG_WARN_INFINITE_RECURSION = YES;
				CLANG_WARN_INT_CONVERSION = YES;
				CLANG_WARN_NON_LITERAL_NULL_CONVERSION = YES;
				CLANG_WARN_OBJC_IMPLICIT_RETAIN_SELF = YES;
				CLANG_WARN_OBJC_LITERAL_CONVERSION = YES;
				CLANG_WARN_OBJC_ROOT_CLASS = YES_ERROR;
				CLANG_WARN_QUOTED_INCLUDE_IN_FRAMEWORK_HEADER = YES;
				CLANG_WARN_RANGE_LOOP_ANALYSIS = YES;
				CLANG_WARN_STRICT_PROTOTYPES = YES;
				CLANG_WARN_SUSPICIOUS_MOVE = YES;
				CLANG_WARN_UNGUARDED_AVAILABILITY = YES_AGGRESSIVE;
				CLANG_WARN_UNREACHABLE_CODE = YES;
				CLANG_WARN__DUPLICATE_METHOD_MATCH = YES;
				CODE_SIGN_STYLE = Automatic;
				COPY_PHASE_STRIP = NO;
				CURRENT_PROJECT_VERSION = 1;
				DEBUG_INFORMATION_FORMAT = dwarf;
				DEVELOPMENT_TEAM = R68833AU53;
				ENABLE_STRICT_OBJC_MSGSEND = YES;
				ENABLE_TESTABILITY = YES;
				ENABLE_USER_SCRIPT_SANDBOXING = YES;
				GCC_C_LANGUAGE_STANDARD = gnu11;
				GCC_DYNAMIC_NO_PIC = NO;
				GCC_NO_COMMON_BLOCKS = YES;
				GCC_OPTIMIZATION_LEVEL = 0;
				GCC_PREPROCESSOR_DEFINITIONS = (
					"$(inherited)",
					"DEBUG=1",
				);
				GCC_WARN_64_TO_32_BIT_CONVERSION = YES;
				GCC_WARN_ABOUT_RETURN_TYPE = YES_ERROR;
				GCC_WARN_UNDECLARED_SELECTOR = YES;
				GCC_WARN_UNINITIALIZED_AUTOS = YES_AGGRESSIVE;
				GCC_WARN_UNUSED_FUNCTION = YES;
				GCC_WARN_UNUSED_VARIABLE = YES;
				GENERATE_INFOPLIST_FILE = NO;
				IPHONEOS_DEPLOYMENT_TARGET = 18.0;
				MARKETING_VERSION = 1.0.0;
				MTL_ENABLE_DEBUG_INFO = INCLUDE_SOURCE;
				MTL_FAST_MATH = YES;
				ONLY_ACTIVE_ARCH = YES;
				PRODUCT_NAME = "$(TARGET_NAME)";
				SWIFT_ACTIVE_COMPILATION_CONDITIONS = DEBUG;
				SWIFT_OPTIMIZATION_LEVEL = "-Onone";
				SWIFT_STRICT_CONCURRENCY = complete;
				SWIFT_VERSION = 6.0;
				WATCHOS_DEPLOYMENT_TARGET = 11.0;
			};
			name = Debug;
		};
		D0D9B573DE6FEFF00CB8F94B /* Debug */ = {
			isa = XCBuildConfiguration;
			buildSettings = {
				CODE_SIGN_ENTITLEMENTS = GymTwinWidgets/GymTwinWidgets.entitlements;
				INFOPLIST_FILE = GymTwinWidgets/Info.plist;
				LD_RUNPATH_SEARCH_PATHS = (
					"$(inherited)",
					"@executable_path/Frameworks",
					"@executable_path/../../Frameworks",
				);
				PRODUCT_BUNDLE_IDENTIFIER = com.markusvaitl.gymtwin.widgets;
				SDKROOT = iphoneos;
				TARGETED_DEVICE_FAMILY = "1,2";
			};
			name = Debug;
		};
		E37D9AE16A697AA4B54CFAA9 /* Release */ = {
			isa = XCBuildConfiguration;
			buildSettings = {
				ALWAYS_SEARCH_USER_PATHS = NO;
				CLANG_ANALYZER_NONNULL = YES;
				CLANG_ANALYZER_NUMBER_OBJECT_CONVERSION = YES_AGGRESSIVE;
				CLANG_CXX_LANGUAGE_STANDARD = "gnu++14";
				CLANG_CXX_LIBRARY = "libc++";
				CLANG_ENABLE_MODULES = YES;
				CLANG_ENABLE_OBJC_ARC = YES;
				CLANG_ENABLE_OBJC_WEAK = YES;
				CLANG_WARN_BLOCK_CAPTURE_AUTORELEASING = YES;
				CLANG_WARN_BOOL_CONVERSION = YES;
				CLANG_WARN_COMMA = YES;
				CLANG_WARN_CONSTANT_CONVERSION = YES;
				CLANG_WARN_DEPRECATED_OBJC_IMPLEMENTATIONS = YES;
				CLANG_WARN_DIRECT_OBJC_ISA_USAGE = YES_ERROR;
				CLANG_WARN_DOCUMENTATION_COMMENTS = YES;
				CLANG_WARN_EMPTY_BODY = YES;
				CLANG_WARN_ENUM_CONVERSION = YES;
				CLANG_WARN_INFINITE_RECURSION = YES;
				CLANG_WARN_INT_CONVERSION = YES;
				CLANG_WARN_NON_LITERAL_NULL_CONVERSION = YES;
				CLANG_WARN_OBJC_IMPLICIT_RETAIN_SELF = YES;
				CLANG_WARN_OBJC_LITERAL_CONVERSION = YES;
				CLANG_WARN_OBJC_ROOT_CLASS = YES_ERROR;
				CLANG_WARN_QUOTED_INCLUDE_IN_FRAMEWORK_HEADER = YES;
				CLANG_WARN_RANGE_LOOP_ANALYSIS = YES;
				CLANG_WARN_STRICT_PROTOTYPES = YES;
				CLANG_WARN_SUSPICIOUS_MOVE = YES;
				CLANG_WARN_UNGUARDED_AVAILABILITY = YES_AGGRESSIVE;
				CLANG_WARN_UNREACHABLE_CODE = YES;
				CLANG_WARN__DUPLICATE_METHOD_MATCH = YES;
				CODE_SIGN_STYLE = Automatic;
				COPY_PHASE_STRIP = NO;
				CURRENT_PROJECT_VERSION = 1;
				DEBUG_INFORMATION_FORMAT = "dwarf-with-dsym";
				DEVELOPMENT_TEAM = R68833AU53;
				ENABLE_NS_ASSERTIONS = NO;
				ENABLE_STRICT_OBJC_MSGSEND = YES;
				ENABLE_USER_SCRIPT_SANDBOXING = YES;
				GCC_C_LANGUAGE_STANDARD = gnu11;
				GCC_NO_COMMON_BLOCKS = YES;
				GCC_WARN_64_TO_32_BIT_CONVERSION = YES;
				GCC_WARN_ABOUT_RETURN_TYPE = YES_ERROR;
				GCC_WARN_UNDECLARED_SELECTOR = YES;
				GCC_WARN_UNINITIALIZED_AUTOS = YES_AGGRESSIVE;
				GCC_WARN_UNUSED_FUNCTION = YES;
				GCC_WARN_UNUSED_VARIABLE = YES;
				GENERATE_INFOPLIST_FILE = NO;
				IPHONEOS_DEPLOYMENT_TARGET = 18.0;
				MARKETING_VERSION = 1.0.0;
				MTL_ENABLE_DEBUG_INFO = NO;
				MTL_FAST_MATH = YES;
				PRODUCT_NAME = "$(TARGET_NAME)";
				SWIFT_COMPILATION_MODE = wholemodule;
				SWIFT_OPTIMIZATION_LEVEL = "-O";
				SWIFT_STRICT_CONCURRENCY = complete;
				SWIFT_VERSION = 6.0;
				WATCHOS_DEPLOYMENT_TARGET = 11.0;
			};
			name = Release;
		};
		E8D29D9A73EB0E7C3D79E81F /* Release */ = {
			isa = XCBuildConfiguration;
			buildSettings = {
				CODE_SIGN_ENTITLEMENTS = GymTwinWidgets/GymTwinWidgets.entitlements;
				INFOPLIST_FILE = GymTwinWidgets/Info.plist;
				LD_RUNPATH_SEARCH_PATHS = (
					"$(inherited)",
					"@executable_path/Frameworks",
					"@executable_path/../../Frameworks",
				);
				PRODUCT_BUNDLE_IDENTIFIER = com.markusvaitl.gymtwin.widgets;
				SDKROOT = iphoneos;
				TARGETED_DEVICE_FAMILY = "1,2";
			};
			name = Release;
		};
/* End XCBuildConfiguration section */

/* Begin XCConfigurationList section */
		0E33C63084ADCB26D46C80E5 /* Build configuration list for PBXNativeTarget "GymTwinWidgets" */ = {
			isa = XCConfigurationList;
			buildConfigurations = (
				D0D9B573DE6FEFF00CB8F94B /* Debug */,
				E8D29D9A73EB0E7C3D79E81F /* Release */,
			);
			defaultConfigurationIsVisible = 0;
			defaultConfigurationName = Debug;
		};
		22A32D7ACEB67E610D171AD8 /* Build configuration list for PBXNativeTarget "GymTwin" */ = {
			isa = XCConfigurationList;
			buildConfigurations = (
				AEB4EEA110AC1C96D0810A5F /* Debug */,
				AC940CCC5AB7327E11CFBE40 /* Release */,
			);
			defaultConfigurationIsVisible = 0;
			defaultConfigurationName = Debug;
		};
		3EB39FE551093FEC9D52AA41 /* Build configuration list for PBXNativeTarget "GymTwinUITests" */ = {
			isa = XCConfigurationList;
			buildConfigurations = (
				37CD29A7D7EDEC30F2CB79F0 /* Debug */,
				9114152E30E54DABD8B456C0 /* Release */,
			);
			defaultConfigurationIsVisible = 0;
			defaultConfigurationName = Debug;
		};
		6F2B86ED6AE8277C5C72FF90 /* Build configuration list for PBXNativeTarget "GymTwinTests" */ = {
			isa = XCConfigurationList;
			buildConfigurations = (
				7390708AFD977AFF4E81E06C /* Debug */,
				9B4D04DE4538DF3D946EDE10 /* Release */,
			);
			defaultConfigurationIsVisible = 0;
			defaultConfigurationName = Debug;
		};
		C5F4B6C9513AE610233AA9F1 /* Build configuration list for PBXNativeTarget "GymTwinWatch" */ = {
			isa = XCConfigurationList;
			buildConfigurations = (
				890D37AA34FA39DD661904CC /* Debug */,
				345A9F2F87CC92C00322AE5E /* Release */,
			);
			defaultConfigurationIsVisible = 0;
			defaultConfigurationName = Debug;
		};
		EAD2D75082836E94FB8DC4A3 /* Build configuration list for PBXProject "GymTwin" */ = {
			isa = XCConfigurationList;
			buildConfigurations = (
				C9C06F6D25377CD251D7601D /* Debug */,
				E37D9AE16A697AA4B54CFAA9 /* Release */,
			);
			defaultConfigurationIsVisible = 0;
			defaultConfigurationName = Debug;
		};
/* End XCConfigurationList section */
	};
	rootObject = 02CD01D7C46A0B9F06CCE28A /* Project object */;
}
